// !$*UTF8*$!
{
	archiveVersion = 1;
	classes = {
	};
	objectVersion = 77;
	objects = {

/* Begin PBXBuildFile section */
		00D36F86084F1651934DAB00 /* BrowserSessionCenter.swift in Sources */ = {isa = PBXBuildFile; fileRef = E9C72C2A24D117C574C0444C /* BrowserSessionCenter.swift */; };
		0698EEE9614E076C9AFEED3A /* FeedbackReportView.swift in Sources */ = {isa = PBXBuildFile; fileRef = 533B35B37CF7B7268AEB05B9 /* FeedbackReportView.swift */; };
		089D513D837438C091ED08A0 /* FloeSkills in Frameworks */ = {isa = PBXBuildFile; productRef = 5B057579F6C5787F1EF9F172 /* FloeSkills */; };
		08CF2008E624ABD269C22C9F /* ImageEditorView.swift in Sources */ = {isa = PBXBuildFile; fileRef = 69C64CCB64B5B7C45F45C253 /* ImageEditorView.swift */; };
		08F47781D4B996B2696C8989 /* HomeLaunchpadView.swift in Sources */ = {isa = PBXBuildFile; fileRef = A2633E84AC1785E404DEC82A /* HomeLaunchpadView.swift */; };
		0DB52308023E1468A623C1C7 /* M0DiagnosticsView.swift in Sources */ = {isa = PBXBuildFile; fileRef = 84E9CA8571729543928880E3 /* M0DiagnosticsView.swift */; };
		0F1C7B7F861DC76B9B119C05 /* AuxiliarySettingsView.swift in Sources */ = {isa = PBXBuildFile; fileRef = 6856FC02F7D3AA8406FFAE9D /* AuxiliarySettingsView.swift */; };
		0F303F4875B02B64A9475FBC /* TaskInspectorViews.swift in Sources */ = {isa = PBXBuildFile; fileRef = CC3A70A09C1A7E292DB36A43 /* TaskInspectorViews.swift */; };
		0FC797D1A81F3651D0D3BFBF /* DocumentPickerView.swift in Sources */ = {isa = PBXBuildFile; fileRef = A6361867E119C80F4DB74A23 /* DocumentPickerView.swift */; };
		1025E15EE1084740B1DB0D0A /* ApprovalCardView.swift in Sources */ = {isa = PBXBuildFile; fileRef = 8B2CC51635FB2F20F5C41CA1 /* ApprovalCardView.swift */; };
		107D9B448A471CEDBE9E0FF6 /* PrivacySecurityView.swift in Sources */ = {isa = PBXBuildFile; fileRef = A18EF17B949C9C5817F9DCE9 /* PrivacySecurityView.swift */; };
		1108F93F3CEE73E9893D390B /* DiffView.swift in Sources */ = {isa = PBXBuildFile; fileRef = 05CD3FCDF6CC1F08B06B9119 /* DiffView.swift */; };
		11A8872D302E2CA8A8E4F628 /* SkillsCenter.swift in Sources */ = {isa = PBXBuildFile; fileRef = 4C7A649C2A6EC1875B18948E /* SkillsCenter.swift */; };
		144C0751E522D91EB3EAD196 /* ThreadDetailView.swift in Sources */ = {isa = PBXBuildFile; fileRef = 17F136474D0FB91E6F810317 /* ThreadDetailView.swift */; };
		17C3C71EDCDEDB585CA63FF8 /* SettingsActions.swift in Sources */ = {isa = PBXBuildFile; fileRef = 14B115F54C03CD39CDBDCABC /* SettingsActions.swift */; };
		1A6FCCA07D564C59EC82DBBF /* HostEditorViewModel.swift in Sources */ = {isa = PBXBuildFile; fileRef = 34D4C7AAC317C256EEB4AFAD /* HostEditorViewModel.swift */; };
		1BDE99A924FBC27B74F7940A /* MemoryView.swift in Sources */ = {isa = PBXBuildFile; fileRef = 3319E3323937D58167E59374 /* MemoryView.swift */; };
		200FF4205A0D8FB439E16371 /* BrowserProtocolTests.swift in Sources */ = {isa = PBXBuildFile; fileRef = 734621A9EFCDFAC074872173 /* BrowserProtocolTests.swift */; };
		2204AB734CAA9BD927FB3F95 /* HostListView.swift in Sources */ = {isa = PBXBuildFile; fileRef = 7A23E7E08860487A8333BE4F /* HostListView.swift */; };
		24D360EC17E29EC2F3B4E2AA /* ThreadTimelineTests.swift in Sources */ = {isa = PBXBuildFile; fileRef = FF07847A2353D846B363915C /* ThreadTimelineTests.swift */; };
		265F22EEB8BC48C7AF62FDCD /* PlatformBackgroundPolicy.swift in Sources */ = {isa = PBXBuildFile; fileRef = E3EF97C2442DD744CEB320A0 /* PlatformBackgroundPolicy.swift */; };
		2A13232B1933B91BD7195B9D /* ProviderListViewModel.swift in Sources */ = {isa = PBXBuildFile; fileRef = C43555513E313C954D2E39B3 /* ProviderListViewModel.swift */; };
		2B4684696D47D57E69A5ABAF /* FilesSettingsView.swift in Sources */ = {isa = PBXBuildFile; fileRef = 425DF63623F387B29E54E3DE /* FilesSettingsView.swift */; };
		2D1426A11BF0547700CA8D5D /* iPadBackgroundPolicy.swift in Sources */ = {isa = PBXBuildFile; fileRef = EB400574B41454793B7461C2 /* iPadBackgroundPolicy.swift */; };
		30F0B2510C03DF07A93756F1 /* MoreView.swift in Sources */ = {isa = PBXBuildFile; fileRef = 8FBC9F374C911EA91D944FB0 /* MoreView.swift */; };
		31A880D7E77E4D90E1CA89EF /* WorkspaceCenter.swift in Sources */ = {isa = PBXBuildFile; fileRef = DAE9694DEA1FE25E7468F008 /* WorkspaceCenter.swift */; };
		32180DBBC109A9CEFC4C00A5 /* AgentPermissionsView.swift in Sources */ = {isa = PBXBuildFile; fileRef = 105C43DC4C517D5A6A445B8B /* AgentPermissionsView.swift */; };
		330DA84EDC7F8F28C0127FE1 /* ToolCallCardView.swift in Sources */ = {isa = PBXBuildFile; fileRef = B3135923FB83C439E60E432C /* ToolCallCardView.swift */; };
		3324AFAEF977E427D066CD85 /* iPhoneBackgroundPolicy.swift in Sources */ = {isa = PBXBuildFile; fileRef = 699FBAE02E34D628B5FC48B7 /* iPhoneBackgroundPolicy.swift */; };
		33744B55369D187E0173FB77 /* FloePersistence in Frameworks */ = {isa = PBXBuildFile; productRef = B1B02F2500B5B465399C11B7 /* FloePersistence */; };
		338C444A5850EEA55FE92B63 /* HomeOverviewView.swift in Sources */ = {isa = PBXBuildFile; fileRef = AC36D60C36B96A6BDBE81A41 /* HomeOverviewView.swift */; };
		34485AB274BA660CE72C46D6 /* TaskScheduleSheet.swift in Sources */ = {isa = PBXBuildFile; fileRef = 2D008574B5C037321A6B5540 /* TaskScheduleSheet.swift */; };
		3579C243C8D17340786C7E1D /* WorkspacePickerView.swift in Sources */ = {isa = PBXBuildFile; fileRef = B5E373AD5E7E721591E5441B /* WorkspacePickerView.swift */; };
		39115D1FF0C2180535C94DCC /* FilesView.swift in Sources */ = {isa = PBXBuildFile; fileRef = 940DE18872CD21D45A855A30 /* FilesView.swift */; };
		3B9C61151DBDF65A67B112C4 /* FileInspectorView.swift in Sources */ = {isa = PBXBuildFile; fileRef = B411EDF873B55072F23B97F0 /* FileInspectorView.swift */; };
		405D2CF50F65452FBB99CE0D /* FloeDocuments in Frameworks */ = {isa = PBXBuildFile; productRef = 42091B03632EF4B82CED17C8 /* FloeDocuments */; };
		409300A554DB5115C9C6AB45 /* ProvidersSettingsView.swift in Sources */ = {isa = PBXBuildFile; fileRef = B7CA2C01CEE850FC7B6F1D6A /* ProvidersSettingsView.swift */; };
		4144F3019B808B95513380EF /* ImageEditorViewModel.swift in Sources */ = {isa = PBXBuildFile; fileRef = 9D3F41AA3EFDF6F065F64FBB /* ImageEditorViewModel.swift */; };
		42924454C7187541E75FE29D /* MoreViewModel.swift in Sources */ = {isa = PBXBuildFile; fileRef = 6B429A0789887E0740567D60 /* MoreViewModel.swift */; };
		4439885B5FEC7EBB773C2D97 /* BrowserView.swift in Sources */ = {isa = PBXBuildFile; fileRef = B79C8C2B8701925AEC218168 /* BrowserView.swift */; };
		448125A55DDC627D8D972046 /* HomeChatSeparationTests.swift in Sources */ = {isa = PBXBuildFile; fileRef = 52D9BCACE744F05C27341A43 /* HomeChatSeparationTests.swift */; };
		4707D8E92893B0ED9C62F8F9 /* FloeCore in Frameworks */ = {isa = PBXBuildFile; productRef = 8C092D204147366710DA8E8D /* FloeCore */; };
		485FA2BD9ACADB87C7D16913 /* ProviderEditorViewModel.swift in Sources */ = {isa = PBXBuildFile; fileRef = 857283D5BF6E741DD727418D /* ProviderEditorViewModel.swift */; };
		49D4CE5A1CDB89F7EC6BBFEE /* TerminalView.swift in Sources */ = {isa = PBXBuildFile; fileRef = 9B8826D4AB351DBF9CFF40AD /* TerminalView.swift */; };
		4ADD4F72F382289B6D7101CB /* SSHSessionOwner.swift in Sources */ = {isa = PBXBuildFile; fileRef = 605587D767C978B8023F0DE2 /* SSHSessionOwner.swift */; };
		4C337AC9C80DE98A41054F60 /* BackgroundRunCoordinator.swift in Sources */ = {isa = PBXBuildFile; fileRef = 3D916CCF8A7BB2EDB41913DD /* BackgroundRunCoordinator.swift */; };
		51FC0B9E3FDE98C725F6BA0E /* ConversationListViewModel.swift in Sources */ = {isa = PBXBuildFile; fileRef = 66624FE4F8480041F7602716 /* ConversationListViewModel.swift */; };
		53B0B28D58E300B08FE02EF0 /* GeneralSettingsView.swift in Sources */ = {isa = PBXBuildFile; fileRef = 6E788D879DCEB044587CF121 /* GeneralSettingsView.swift */; };
		557E5740D65A080E412BDBA3 /* FloeSecurity in Frameworks */ = {isa = PBXBuildFile; productRef = 87B8E278FC454AFE6AF6C9E9 /* FloeSecurity */; };
		59878DE003DC7D51B58A1669 /* ProviderListView.swift in Sources */ = {isa = PBXBuildFile; fileRef = A4A0E75544F5FA28387CB77B /* ProviderListView.swift */; };
		5B7645F8BEC4BA09E98FA7CA /* FloeWorkspace in Frameworks */ = {isa = PBXBuildFile; productRef = 88998EEAC884C7033D8C41A8 /* FloeWorkspace */; };
		5BB820EF2110E8C73542D2C2 /* FloeExecution in Frameworks */ = {isa = PBXBuildFile; productRef = 59DBBD5C35D97EBB383798F6 /* FloeExecution */; };
		5C200D5807BA7B433E39BBB9 /* FilesCenter.swift in Sources */ = {isa = PBXBuildFile; fileRef = 18A3792AECF660ADFEA7D4B8 /* FilesCenter.swift */; };
		5D9232A405C85062BDDB69D8 /* OnboardingViewModel.swift in Sources */ = {isa = PBXBuildFile; fileRef = 2CB28627E88075511A391819 /* OnboardingViewModel.swift */; };
		5E947BB83381A4621C72C7F6 /* HomeChatVoiceUITests.swift in Sources */ = {isa = PBXBuildFile; fileRef = 6E280242F651031E86A80A21 /* HomeChatVoiceUITests.swift */; };
		6045112F9A180B4BE2084A67 /* SyncSettingsUITests.swift in Sources */ = {isa = PBXBuildFile; fileRef = 2E47EC0D4490B49AD44060DE /* SyncSettingsUITests.swift */; };
		60E0C3F854C4FA5869FA041D /* SyncSettingsView.swift in Sources */ = {isa = PBXBuildFile; fileRef = 38EF13B22EE01FC77116294D /* SyncSettingsView.swift */; };
		6351CFE8FFBB071B71F5A3D2 /* FloeMarkdown in Frameworks */ = {isa = PBXBuildFile; productRef = 94B845AC13D8F637547A4AB0 /* FloeMarkdown */; };
		64C796E307C77E2774D2761F /* BrowserTools.swift in Sources */ = {isa = PBXBuildFile; fileRef = 1B80FCD68F0A3B45FD2E6F5E /* BrowserTools.swift */; };
		671CC44587B45BA2A401FD33 /* ThreadEventView.swift in Sources */ = {isa = PBXBuildFile; fileRef = BACF0650EC6E172999FEB4EC /* ThreadEventView.swift */; };
		6746445A87576F1AE979702A /* SkillsView.swift in Sources */ = {isa = PBXBuildFile; fileRef = 583BB494E657BD1BC7481C75 /* SkillsView.swift */; };
		6B0D3A07EB93CDB1FF10B326 /* FloeSync in Frameworks */ = {isa = PBXBuildFile; productRef = CB9AC1549FA61B1132625EA1 /* FloeSync */; };
		6CC9C3F3F49E9B42F280C04F /* FeedbackUploadService.swift in Sources */ = {isa = PBXBuildFile; fileRef = 515EFE93A7878B464ECA3848 /* FeedbackUploadService.swift */; };
		6EFA9ED6557018D9EC2EFFC6 /* FileTreeViewModel.swift in Sources */ = {isa = PBXBuildFile; fileRef = 86BFC8770B049F008476B6C8 /* FileTreeViewModel.swift */; };
		75B75F5F8C25D5B60B5E4541 /* Assets.xcassets in Resources */ = {isa = PBXBuildFile; fileRef = 37BB930D0175C1FF7EE714EE /* Assets.xcassets */; };
		79513D3F13F2694F56459286 /* FloeModels in Frameworks */ = {isa = PBXBuildFile; productRef = 6D3CC5A66BC37258D46FDF3D /* FloeModels */; };
		7B44A496EC3A28601170695B /* AppRouter.swift in Sources */ = {isa = PBXBuildFile; fileRef = E0E86FB249DA97D2FA57FBA7 /* AppRouter.swift */; };
		7BB5CA51824E786287F252A8 /* TextFileEditorView.swift in Sources */ = {isa = PBXBuildFile; fileRef = A9882EA32564305D017F2566 /* TextFileEditorView.swift */; };
		7C8518294F67702219A7CA5D /* TaskChangesInspectorView.swift in Sources */ = {isa = PBXBuildFile; fileRef = AE529725CBA54629E95EA4F0 /* TaskChangesInspectorView.swift */; };
		7E68D5161A58FBD3F6C55FAF /* ErrorEventView.swift in Sources */ = {isa = PBXBuildFile; fileRef = EBF4EA91353CD8A801DCA98A /* ErrorEventView.swift */; };
		89B023C074580181D49D192A /* ModelPickerView.swift in Sources */ = {isa = PBXBuildFile; fileRef = ADE9E409B66EBC3967853B86 /* ModelPickerView.swift */; };
		8F40177268113AACE1405851 /* AppDestination.swift in Sources */ = {isa = PBXBuildFile; fileRef = CF5F8AFB4D253F079EA5CF84 /* AppDestination.swift */; };
		912A144E85A4C312537582FC /* SetupGuideUITests.swift in Sources */ = {isa = PBXBuildFile; fileRef = 725BE47119CCC3DF63FC2881 /* SetupGuideUITests.swift */; };
		99C54A5F72057E2F5DE439BD /* UserMessageBubble.swift in Sources */ = {isa = PBXBuildFile; fileRef = 30E546884B42CDF2BB96931B /* UserMessageBubble.swift */; };
		9C448CA84007AF195349A9C1 /* RemoteImageCreationView.swift in Sources */ = {isa = PBXBuildFile; fileRef = 2D2970DE592A16AFA08AE6A2 /* RemoteImageCreationView.swift */; };
		9CBCAF14A029D5BAF1B3ADCA /* MarkdownRendererView.swift in Sources */ = {isa = PBXBuildFile; fileRef = 680DDD4B4A4B0E26F99D2209 /* MarkdownRendererView.swift */; };
		9D88F7400A99BF770F8A8DB4 /* ProviderEditorView.swift in Sources */ = {isa = PBXBuildFile; fileRef = DB97B6031201DC2B9654F686 /* ProviderEditorView.swift */; };
		9F178F696416A4E7191F56FB /* OnboardingView.swift in Sources */ = {isa = PBXBuildFile; fileRef = 6C1C39FA1A8D05FF5A1E63EE /* OnboardingView.swift */; };
		A07E797D244A170430DEF61B /* ConversationCenter.swift in Sources */ = {isa = PBXBuildFile; fileRef = 50D3F739AE81623062A9C5C9 /* ConversationCenter.swift */; };
		A08697D5A61FF31F4367FE7D /* RemoteSessionCenter.swift in Sources */ = {isa = PBXBuildFile; fileRef = C4CD5173D18CDDB6549BBD7D /* RemoteSessionCenter.swift */; };
		A1730325CB40AA74E22D3C28 /* FloeSSH in Frameworks */ = {isa = PBXBuildFile; productRef = DEFB59A49152ED0F642C4865 /* FloeSSH */; };
		A5042A844696F85C4BE4D80D /* FloeTheme.swift in Sources */ = {isa = PBXBuildFile; fileRef = 75EC88BFEA8FB7EA6A2E1D8D /* FloeTheme.swift */; };
		A6C15214795012140B3AC46D /* CrashAndFeedbackRegressionTests.swift in Sources */ = {isa = PBXBuildFile; fileRef = C249A312D3F94BF9CBA98F76 /* CrashAndFeedbackRegressionTests.swift */; };
		AB3605779C6F0C4864D85CE2 /* VNCViewModel.swift in Sources */ = {isa = PBXBuildFile; fileRef = 5BA323DAAD3913411F1D5340 /* VNCViewModel.swift */; };
		ABAF2700584FE5E93C50DA1B /* FloeImages in Frameworks */ = {isa = PBXBuildFile; productRef = EBF97B079841247A01DFCE52 /* FloeImages */; };
		AE62B83850265049A67A47F4 /* FilePreviewView.swift in Sources */ = {isa = PBXBuildFile; fileRef = A421102C6F73CB0DCC678535 /* FilePreviewView.swift */; };
		B030CB108442D9B3CEA7F61B /* HostEditorView.swift in Sources */ = {isa = PBXBuildFile; fileRef = 085605503DC285FC91B0449B /* HostEditorView.swift */; };
		B122E4C91387683F2EDBC728 /* FileTreeView.swift in Sources */ = {isa = PBXBuildFile; fileRef = 42E25ED52EAD56B5234BCA43 /* FileTreeView.swift */; };
		B2196F0D1CCA995A3F4F8C0D /* FloeTools in Frameworks */ = {isa = PBXBuildFile; productRef = 8E8F4CD97A741A8F515EC80E /* FloeTools */; };
		B30C1248DF0B9FE004549E3F /* ConversationListView.swift in Sources */ = {isa = PBXBuildFile; fileRef = DA165A2C7BD607DB6F26AD7B /* ConversationListView.swift */; };
		B850872108F008D942A08193 /* BrowserModels.swift in Sources */ = {isa = PBXBuildFile; fileRef = D499B038C15DC8EA198B669A /* BrowserModels.swift */; };
		B8558423FFAEBC3CBA0916FA /* VoiceInputControllerTests.swift in Sources */ = {isa = PBXBuildFile; fileRef = 18C94A3850D88CA96343408E /* VoiceInputControllerTests.swift */; };
		BAFCFD696F2EA6A8D174FBBD /* M0DiagnosticsModel.swift in Sources */ = {isa = PBXBuildFile; fileRef = 397DA23AB1A49D66682CE2D2 /* M0DiagnosticsModel.swift */; };
		BBDDB8AF6699F17D99D910BA /* ModelEditorView.swift in Sources */ = {isa = PBXBuildFile; fileRef = 9ED88DC18A9D3D6ABA16DE7E /* ModelEditorView.swift */; };
		BD180E6F18D1B24DA6B15D12 /* QuickLookView.swift in Sources */ = {isa = PBXBuildFile; fileRef = 8B378CF37C409045418D9D24 /* QuickLookView.swift */; };
		BE534C8C1F5C827155E0256E /* HomeLaunchpadViewModel.swift in Sources */ = {isa = PBXBuildFile; fileRef = C3B3B3E433B5BD9B6C5B1835 /* HomeLaunchpadViewModel.swift */; };
		C0644D9C266B374CE223488D /* VNCSessionOwner.swift in Sources */ = {isa = PBXBuildFile; fileRef = 7DF58B5C692BB56DB9A379F4 /* VNCSessionOwner.swift */; };
		C289286498042D0530D1590B /* FloeProviders in Frameworks */ = {isa = PBXBuildFile; productRef = B6555425212C5867CBB75D36 /* FloeProviders */; };
		C2A979185D804135CE278ADA /* FloeSyncCore in Frameworks */ = {isa = PBXBuildFile; productRef = 42F46C3ACBB2BE695D007080 /* FloeSyncCore */; };
		C5BCA4D53959F1B96E82F8B1 /* ExecutionEnvironmentView.swift in Sources */ = {isa = PBXBuildFile; fileRef = 1C801E16B941B45C62C279A9 /* ExecutionEnvironmentView.swift */; };
		C5EDFDCD3E6C6D784D9F4ECC /* AppEnvironment.swift in Sources */ = {isa = PBXBuildFile; fileRef = A6AFF9D3E17B2962EAE99225 /* AppEnvironment.swift */; };
		C5EF7D89863A823AEC36B81F /* FloeAgentApp.swift in Sources */ = {isa = PBXBuildFile; fileRef = 96D634AA3DDD1E8456E1FB49 /* FloeAgentApp.swift */; };
		C7B7EEE61A3D6CEC98A41E7B /* AssistantMessageView.swift in Sources */ = {isa = PBXBuildFile; fileRef = 31D98DFED3D114A699F77361 /* AssistantMessageView.swift */; };
		C87A716B9A54B29B695F1F66 /* HostKeyTrustSheet.swift in Sources */ = {isa = PBXBuildFile; fileRef = 52EAF0302B89FA6FFFD6A697 /* HostKeyTrustSheet.swift */; };
		C8EB11021CF07BD709D09AA5 /* VoiceInput.swift in Sources */ = {isa = PBXBuildFile; fileRef = 1DCEDA85D7E0A5B195344E38 /* VoiceInput.swift */; };
		CEDE8D8AD83D823BBC4E1662 /* RemoteSessionSnapshot.swift in Sources */ = {isa = PBXBuildFile; fileRef = 87F23BEA3A5A6B017F698D28 /* RemoteSessionSnapshot.swift */; };
		D22B0A2A27F38C4AA93FC7E5 /* FloeVNC in Frameworks */ = {isa = PBXBuildFile; productRef = 8D67ACB7499F21D8B8B49FE4 /* FloeVNC */; };
		D27117ADEB48A630EEF5C7E2 /* DiagnosticsAboutView.swift in Sources */ = {isa = PBXBuildFile; fileRef = 67421D0E0C3D4BF46F4ACE46 /* DiagnosticsAboutView.swift */; };
		DC760A389374ABA5F93E0DAB /* RemoteImageUnavailableView.swift in Sources */ = {isa = PBXBuildFile; fileRef = B536F4DA6282AE9A983C8498 /* RemoteImageUnavailableView.swift */; };
		DDC35030D6BFC2C296FFB4D2 /* SettingsRootView.swift in Sources */ = {isa = PBXBuildFile; fileRef = 50BA473C0A70CA3815EF338B /* SettingsRootView.swift */; };
		DF328431A01C3722680442AB /* VNCView.swift in Sources */ = {isa = PBXBuildFile; fileRef = 8B7FE946AC097054C1CB5A16 /* VNCView.swift */; };
		DFA28E00B18DDBC56D222CC1 /* SettingsCenter.swift in Sources */ = {isa = PBXBuildFile; fileRef = B0766D5622BEA31E66BE2CBE /* SettingsCenter.swift */; };
		E2667D676B12957E2787BD59 /* FilesViewModel.swift in Sources */ = {isa = PBXBuildFile; fileRef = 00969624B0A954308417634B /* FilesViewModel.swift */; };
		E2D2BDB4FA66151CCC91F7D0 /* ThreadTimeline.swift in Sources */ = {isa = PBXBuildFile; fileRef = F8B270D611B66EBCE12B3968 /* ThreadTimeline.swift */; };
		E40E39F14DBED467D850E91A /* FloeAgentRuntime in Frameworks */ = {isa = PBXBuildFile; productRef = EF4C9E5ED2F18E4E1CB8A527 /* FloeAgentRuntime */; };
		E617FB6AC1EB2366C4F9A4CE /* ReasoningBlockView.swift in Sources */ = {isa = PBXBuildFile; fileRef = 9F88E75D475229D4424D2FC1 /* ReasoningBlockView.swift */; };
		E835F7180E59CE5B63D9A4A8 /* CodeBlockView.swift in Sources */ = {isa = PBXBuildFile; fileRef = 42CD1B5E050E9A7C4092CBB5 /* CodeBlockView.swift */; };
		E848083DD6CD8D1D0C33B8EE /* ThreadComposerView.swift in Sources */ = {isa = PBXBuildFile; fileRef = F0878619F1F1230D0EC1AF2D /* ThreadComposerView.swift */; };
		E9E31F6E33B8B0EA398D33A9 /* DiagnosticsExporter.swift in Sources */ = {isa = PBXBuildFile; fileRef = CB4807D41A6BD7259F8D0356 /* DiagnosticsExporter.swift */; };
		EA75F07AFCF7BF5BF8A40F9E /* ThreadDetailViewModel.swift in Sources */ = {isa = PBXBuildFile; fileRef = EA10AC479B03C7D998AC448B /* ThreadDetailViewModel.swift */; };
		EB441D3ACD8061BE27D87111 /* Localizable.xcstrings in Resources */ = {isa = PBXBuildFile; fileRef = A6797B7DAA890D6378153058 /* Localizable.xcstrings */; };
		EC895B8CCE64F446C1797162 /* VoiceInputController.swift in Sources */ = {isa = PBXBuildFile; fileRef = D6980E6E2001E2C4508A503A /* VoiceInputController.swift */; };
		ED9E967E7858D92A307B24F6 /* AuxiliaryModelsView.swift in Sources */ = {isa = PBXBuildFile; fileRef = BE522C8BF30B54FAD939C53C /* AuxiliaryModelsView.swift */; };
		EF38B4329039226E8A757EE4 /* HostListViewModel.swift in Sources */ = {isa = PBXBuildFile; fileRef = 104F2ACE88D931C8C54A6787 /* HostListViewModel.swift */; };
		EFB8B154A44004A6D4A9366C /* RunStateLocalizer.swift in Sources */ = {isa = PBXBuildFile; fileRef = E112A159AE387A7219A69172 /* RunStateLocalizer.swift */; };
		F2FA4F2EDA410E215E8DA440 /* TerminalViewModel.swift in Sources */ = {isa = PBXBuildFile; fileRef = 531772E03835546E29F3B7DF /* TerminalViewModel.swift */; };
		F97E858A6A5915882FA5E428 /* RemoteSettingsView.swift in Sources */ = {isa = PBXBuildFile; fileRef = 7F4320C0FA1D4880122D9B3B /* RemoteSettingsView.swift */; };
		F9AE89670E3EE68F7DB18F74 /* InfoPlist.xcstrings in Resources */ = {isa = PBXBuildFile; fileRef = 2E443E03594FBC95E4EB48E2 /* InfoPlist.xcstrings */; };
		FB6996DA07A08B986A011ED7 /* VoiceInputLive.swift in Sources */ = {isa = PBXBuildFile; fileRef = 58FD2460881B6EAAD9966732 /* VoiceInputLive.swift */; };
		FBF28B8E8847F0265F9E7C47 /* SetupGuideLauncherView.swift in Sources */ = {isa = PBXBuildFile; fileRef = 83D0EBB0361B5F388903EE7F /* SetupGuideLauncherView.swift */; };
		FCC65E363F3009B85F3A5908 /* BrowserURLPolicy.swift in Sources */ = {isa = PBXBuildFile; fileRef = DC33B8AF239E339094A7D999 /* BrowserURLPolicy.swift */; };
/* End PBXBuildFile section */

/* Begin PBXContainerItemProxy section */
		02EEB3AECC6C7D84AE6D7510 /* PBXContainerItemProxy */ = {
			isa = PBXContainerItemProxy;
			containerPortal = 34A505482FC52A1ABA7CBF4B /* Project object */;
			proxyType = 1;
			remoteGlobalIDString = 3AFAF3B3CB6F0777A7C6B07F;
			remoteInfo = FloeAgent;
		};
		8CA7EF475329D23BA8AE4822 /* PBXContainerItemProxy */ = {
			isa = PBXContainerItemProxy;
			containerPortal = 34A505482FC52A1ABA7CBF4B /* Project object */;
			proxyType = 1;
			remoteGlobalIDString = 3AFAF3B3CB6F0777A7C6B07F;
			remoteInfo = FloeAgent;
		};
/* End PBXContainerItemProxy section */

/* Begin PBXFileReference section */
		00969624B0A954308417634B /* FilesViewModel.swift */ = {isa = PBXFileReference; lastKnownFileType = sourcecode.swift; path = FilesViewModel.swift; sourceTree = "<group>"; };
		05CD3FCDF6CC1F08B06B9119 /* DiffView.swift */ = {isa = PBXFileReference; lastKnownFileType = sourcecode.swift; path = DiffView.swift; sourceTree = "<group>"; };
		085605503DC285FC91B0449B /* HostEditorView.swift */ = {isa = PBXFileReference; lastKnownFileType = sourcecode.swift; path = HostEditorView.swift; sourceTree = "<group>"; };
		104F2ACE88D931C8C54A6787 /* HostListViewModel.swift */ = {isa = PBXFileReference; lastKnownFileType = sourcecode.swift; path = HostListViewModel.swift; sourceTree = "<group>"; };
		105C43DC4C517D5A6A445B8B /* AgentPermissionsView.swift */ = {isa = PBXFileReference; lastKnownFileType = sourcecode.swift; path = AgentPermissionsView.swift; sourceTree = "<group>"; };
		14B115F54C03CD39CDBDCABC /* SettingsActions.swift */ = {isa = PBXFileReference; lastKnownFileType = sourcecode.swift; path = SettingsActions.swift; sourceTree = "<group>"; };
		17F136474D0FB91E6F810317 /* ThreadDetailView.swift */ = {isa = PBXFileReference; lastKnownFileType = sourcecode.swift; path = ThreadDetailView.swift; sourceTree = "<group>"; };
		18A3792AECF660ADFEA7D4B8 /* FilesCenter.swift */ = {isa = PBXFileReference; lastKnownFileType = sourcecode.swift; path = FilesCenter.swift; sourceTree = "<group>"; };
		18C94A3850D88CA96343408E /* VoiceInputControllerTests.swift */ = {isa = PBXFileReference; lastKnownFileType = sourcecode.swift; path = VoiceInputControllerTests.swift; sourceTree = "<group>"; };
		1B80FCD68F0A3B45FD2E6F5E /* BrowserTools.swift */ = {isa = PBXFileReference; lastKnownFileType = sourcecode.swift; path = BrowserTools.swift; sourceTree = "<group>"; };
		1C801E16B941B45C62C279A9 /* ExecutionEnvironmentView.swift */ = {isa = PBXFileReference; lastKnownFileType = sourcecode.swift; path = ExecutionEnvironmentView.swift; sourceTree = "<group>"; };
		1DCEDA85D7E0A5B195344E38 /* VoiceInput.swift */ = {isa = PBXFileReference; lastKnownFileType = sourcecode.swift; path = VoiceInput.swift; sourceTree = "<group>"; };
		20554886B0FDA45513A6ECF9 /* FloeAppTests.xctest */ = {isa = PBXFileReference; includeInIndex = 0; lastKnownFileType = wrapper.cfbundle; path = FloeAppTests.xctest; sourceTree = BUILT_PRODUCTS_DIR; };
		2CB28627E88075511A391819 /* OnboardingViewModel.swift */ = {isa = PBXFileReference; lastKnownFileType = sourcecode.swift; path = OnboardingViewModel.swift; sourceTree = "<group>"; };
		2D008574B5C037321A6B5540 /* TaskScheduleSheet.swift */ = {isa = PBXFileReference; lastKnownFileType = sourcecode.swift; path = TaskScheduleSheet.swift; sourceTree = "<group>"; };
		2D2970DE592A16AFA08AE6A2 /* RemoteImageCreationView.swift */ = {isa = PBXFileReference; lastKnownFileType = sourcecode.swift; path = RemoteImageCreationView.swift; sourceTree = "<group>"; };
		2E443E03594FBC95E4EB48E2 /* InfoPlist.xcstrings */ = {isa = PBXFileReference; lastKnownFileType = text.json.xcstrings; path = InfoPlist.xcstrings; sourceTree = "<group>"; };
		2E47EC0D4490B49AD44060DE /* SyncSettingsUITests.swift */ = {isa = PBXFileReference; lastKnownFileType = sourcecode.swift; path = SyncSettingsUITests.swift; sourceTree = "<group>"; };
		30E546884B42CDF2BB96931B /* UserMessageBubble.swift */ = {isa = PBXFileReference; lastKnownFileType = sourcecode.swift; path = UserMessageBubble.swift; sourceTree = "<group>"; };
		31D98DFED3D114A699F77361 /* AssistantMessageView.swift */ = {isa = PBXFileReference; lastKnownFileType = sourcecode.swift; path = AssistantMessageView.swift; sourceTree = "<group>"; };
		3319E3323937D58167E59374 /* MemoryView.swift */ = {isa = PBXFileReference; lastKnownFileType = sourcecode.swift; path = MemoryView.swift; sourceTree = "<group>"; };
		34D4C7AAC317C256EEB4AFAD /* HostEditorViewModel.swift */ = {isa = PBXFileReference; lastKnownFileType = sourcecode.swift; path = HostEditorViewModel.swift; sourceTree = "<group>"; };
		37BB930D0175C1FF7EE714EE /* Assets.xcassets */ = {isa = PBXFileReference; lastKnownFileType = folder.assetcatalog; path = Assets.xcassets; sourceTree = "<group>"; };
		38EF13B22EE01FC77116294D /* SyncSettingsView.swift */ = {isa = PBXFileReference; lastKnownFileType = sourcecode.swift; path = SyncSettingsView.swift; sourceTree = "<group>"; };
		397DA23AB1A49D66682CE2D2 /* M0DiagnosticsModel.swift */ = {isa = PBXFileReference; lastKnownFileType = sourcecode.swift; path = M0DiagnosticsModel.swift; sourceTree = "<group>"; };
		3D916CCF8A7BB2EDB41913DD /* BackgroundRunCoordinator.swift */ = {isa = PBXFileReference; lastKnownFileType = sourcecode.swift; path = BackgroundRunCoordinator.swift; sourceTree = "<group>"; };
		425DF63623F387B29E54E3DE /* FilesSettingsView.swift */ = {isa = PBXFileReference; lastKnownFileType = sourcecode.swift; path = FilesSettingsView.swift; sourceTree = "<group>"; };
		42CD1B5E050E9A7C4092CBB5 /* CodeBlockView.swift */ = {isa = PBXFileReference; lastKnownFileType = sourcecode.swift; path = CodeBlockView.swift; sourceTree = "<group>"; };
		42E25ED52EAD56B5234BCA43 /* FileTreeView.swift */ = {isa = PBXFileReference; lastKnownFileType = sourcecode.swift; path = FileTreeView.swift; sourceTree = "<group>"; };
		4B364052541A17BBD46A6C70 /* FloeAgent */ = {isa = PBXFileReference; lastKnownFileType = folder; name = FloeAgent; path = .; sourceTree = SOURCE_ROOT; };
		4C7A649C2A6EC1875B18948E /* SkillsCenter.swift */ = {isa = PBXFileReference; lastKnownFileType = sourcecode.swift; path = SkillsCenter.swift; sourceTree = "<group>"; };
		50BA473C0A70CA3815EF338B /* SettingsRootView.swift */ = {isa = PBXFileReference; lastKnownFileType = sourcecode.swift; path = SettingsRootView.swift; sourceTree = "<group>"; };
		50D3F739AE81623062A9C5C9 /* ConversationCenter.swift */ = {isa = PBXFileReference; lastKnownFileType = sourcecode.swift; path = ConversationCenter.swift; sourceTree = "<group>"; };
		515EFE93A7878B464ECA3848 /* FeedbackUploadService.swift */ = {isa = PBXFileReference; lastKnownFileType = sourcecode.swift; path = FeedbackUploadService.swift; sourceTree = "<group>"; };
		52D9BCACE744F05C27341A43 /* HomeChatSeparationTests.swift */ = {isa = PBXFileReference; lastKnownFileType = sourcecode.swift; path = HomeChatSeparationTests.swift; sourceTree = "<group>"; };
		52EAF0302B89FA6FFFD6A697 /* HostKeyTrustSheet.swift */ = {isa = PBXFileReference; lastKnownFileType = sourcecode.swift; path = HostKeyTrustSheet.swift; sourceTree = "<group>"; };
		531772E03835546E29F3B7DF /* TerminalViewModel.swift */ = {isa = PBXFileReference; lastKnownFileType = sourcecode.swift; path = TerminalViewModel.swift; sourceTree = "<group>"; };
		533B35B37CF7B7268AEB05B9 /* FeedbackReportView.swift */ = {isa = PBXFileReference; lastKnownFileType = sourcecode.swift; path = FeedbackReportView.swift; sourceTree = "<group>"; };
		583BB494E657BD1BC7481C75 /* SkillsView.swift */ = {isa = PBXFileReference; lastKnownFileType = sourcecode.swift; path = SkillsView.swift; sourceTree = "<group>"; };
		58FD2460881B6EAAD9966732 /* VoiceInputLive.swift */ = {isa = PBXFileReference; lastKnownFileType = sourcecode.swift; path = VoiceInputLive.swift; sourceTree = "<group>"; };
		5BA323DAAD3913411F1D5340 /* VNCViewModel.swift */ = {isa = PBXFileReference; lastKnownFileType = sourcecode.swift; path = VNCViewModel.swift; sourceTree = "<group>"; };
		605587D767C978B8023F0DE2 /* SSHSessionOwner.swift */ = {isa = PBXFileReference; lastKnownFileType = sourcecode.swift; path = SSHSessionOwner.swift; sourceTree = "<group>"; };
		66624FE4F8480041F7602716 /* ConversationListViewModel.swift */ = {isa = PBXFileReference; lastKnownFileType = sourcecode.swift; path = ConversationListViewModel.swift; sourceTree = "<group>"; };
		67421D0E0C3D4BF46F4ACE46 /* DiagnosticsAboutView.swift */ = {isa = PBXFileReference; lastKnownFileType = sourcecode.swift; path = DiagnosticsAboutView.swift; sourceTree = "<group>"; };
		680DDD4B4A4B0E26F99D2209 /* MarkdownRendererView.swift */ = {isa = PBXFileReference; lastKnownFileType = sourcecode.swift; path = MarkdownRendererView.swift; sourceTree = "<group>"; };
		6856FC02F7D3AA8406FFAE9D /* AuxiliarySettingsView.swift */ = {isa = PBXFileReference; lastKnownFileType = sourcecode.swift; path = AuxiliarySettingsView.swift; sourceTree = "<group>"; };
		699FBAE02E34D628B5FC48B7 /* iPhoneBackgroundPolicy.swift */ = {isa = PBXFileReference; lastKnownFileType = sourcecode.swift; path = iPhoneBackgroundPolicy.swift; sourceTree = "<group>"; };
		69C64CCB64B5B7C45F45C253 /* ImageEditorView.swift */ = {isa = PBXFileReference; lastKnownFileType = sourcecode.swift; path = ImageEditorView.swift; sourceTree = "<group>"; };
		6B429A0789887E0740567D60 /* MoreViewModel.swift */ = {isa = PBXFileReference; lastKnownFileType = sourcecode.swift; path = MoreViewModel.swift; sourceTree = "<group>"; };
		6C1C39FA1A8D05FF5A1E63EE /* OnboardingView.swift */ = {isa = PBXFileReference; lastKnownFileType = sourcecode.swift; path = OnboardingView.swift; sourceTree = "<group>"; };
		6E280242F651031E86A80A21 /* HomeChatVoiceUITests.swift */ = {isa = PBXFileReference; lastKnownFileType = sourcecode.swift; path = HomeChatVoiceUITests.swift; sourceTree = "<group>"; };
		6E4B5351714B8B79EF8E8055 /* Floe.entitlements */ = {isa = PBXFileReference; lastKnownFileType = text.plist.entitlements; path = Floe.entitlements; sourceTree = "<group>"; };
		6E788D879DCEB044587CF121 /* GeneralSettingsView.swift */ = {isa = PBXFileReference; lastKnownFileType = sourcecode.swift; path = GeneralSettingsView.swift; sourceTree = "<group>"; };
		725BE47119CCC3DF63FC2881 /* SetupGuideUITests.swift */ = {isa = PBXFileReference; lastKnownFileType = sourcecode.swift; path = SetupGuideUITests.swift; sourceTree = "<group>"; };
		734621A9EFCDFAC074872173 /* BrowserProtocolTests.swift */ = {isa = PBXFileReference; lastKnownFileType = sourcecode.swift; path = BrowserProtocolTests.swift; sourceTree = "<group>"; };
		75EC88BFEA8FB7EA6A2E1D8D /* FloeTheme.swift */ = {isa = PBXFileReference; lastKnownFileType = sourcecode.swift; path = FloeTheme.swift; sourceTree = "<group>"; };
		7A23E7E08860487A8333BE4F /* HostListView.swift */ = {isa = PBXFileReference; lastKnownFileType = sourcecode.swift; path = HostListView.swift; sourceTree = "<group>"; };
		7DF58B5C692BB56DB9A379F4 /* VNCSessionOwner.swift */ = {isa = PBXFileReference; lastKnownFileType = sourcecode.swift; path = VNCSessionOwner.swift; sourceTree = "<group>"; };
		7F4320C0FA1D4880122D9B3B /* RemoteSettingsView.swift */ = {isa = PBXFileReference; lastKnownFileType = sourcecode.swift; path = RemoteSettingsView.swift; sourceTree = "<group>"; };
		83D0EBB0361B5F388903EE7F /* SetupGuideLauncherView.swift */ = {isa = PBXFileReference; lastKnownFileType = sourcecode.swift; path = SetupGuideLauncherView.swift; sourceTree = "<group>"; };
		84E9CA8571729543928880E3 /* M0DiagnosticsView.swift */ = {isa = PBXFileReference; lastKnownFileType = sourcecode.swift; path = M0DiagnosticsView.swift; sourceTree = "<group>"; };
		857283D5BF6E741DD727418D /* ProviderEditorViewModel.swift */ = {isa = PBXFileReference; lastKnownFileType = sourcecode.swift; path = ProviderEditorViewModel.swift; sourceTree = "<group>"; };
		86BFC8770B049F008476B6C8 /* FileTreeViewModel.swift */ = {isa = PBXFileReference; lastKnownFileType = sourcecode.swift; path = FileTreeViewModel.swift; sourceTree = "<group>"; };
		87F23BEA3A5A6B017F698D28 /* RemoteSessionSnapshot.swift */ = {isa = PBXFileReference; lastKnownFileType = sourcecode.swift; path = RemoteSessionSnapshot.swift; sourceTree = "<group>"; };
		8B2CC51635FB2F20F5C41CA1 /* ApprovalCardView.swift */ = {isa = PBXFileReference; lastKnownFileType = sourcecode.swift; path = ApprovalCardView.swift; sourceTree = "<group>"; };
		8B378CF37C409045418D9D24 /* QuickLookView.swift */ = {isa = PBXFileReference; lastKnownFileType = sourcecode.swift; path = QuickLookView.swift; sourceTree = "<group>"; };
		8B7FE946AC097054C1CB5A16 /* VNCView.swift */ = {isa = PBXFileReference; lastKnownFileType = sourcecode.swift; path = VNCView.swift; sourceTree = "<group>"; };
		8D4157CD2630B494873F61E6 /* Floe Agent.app */ = {isa = PBXFileReference; includeInIndex = 0; lastKnownFileType = wrapper.application; path = "Floe Agent.app"; sourceTree = BUILT_PRODUCTS_DIR; };
		8F6676BA85A2C0059B610493 /* FloeAgentUITests.xctest */ = {isa = PBXFileReference; includeInIndex = 0; lastKnownFileType = wrapper.cfbundle; path = FloeAgentUITests.xctest; sourceTree = BUILT_PRODUCTS_DIR; };
		8FBC9F374C911EA91D944FB0 /* MoreView.swift */ = {isa = PBXFileReference; lastKnownFileType = sourcecode.swift; path = MoreView.swift; sourceTree = "<group>"; };
		916ACA33CDE6532714E49272 /* Info.plist */ = {isa = PBXFileReference; lastKnownFileType = text.plist; path = Info.plist; sourceTree = "<group>"; };
		940DE18872CD21D45A855A30 /* FilesView.swift */ = {isa = PBXFileReference; lastKnownFileType = sourcecode.swift; path = FilesView.swift; sourceTree = "<group>"; };
		96D634AA3DDD1E8456E1FB49 /* FloeAgentApp.swift */ = {isa = PBXFileReference; lastKnownFileType = sourcecode.swift; path = FloeAgentApp.swift; sourceTree = "<group>"; };
		9B8826D4AB351DBF9CFF40AD /* TerminalView.swift */ = {isa = PBXFileReference; lastKnownFileType = sourcecode.swift; path = TerminalView.swift; sourceTree = "<group>"; };
		9D3F41AA3EFDF6F065F64FBB /* ImageEditorViewModel.swift */ = {isa = PBXFileReference; lastKnownFileType = sourcecode.swift; path = ImageEditorViewModel.swift; sourceTree = "<group>"; };
		9ED88DC18A9D3D6ABA16DE7E /* ModelEditorView.swift */ = {isa = PBXFileReference; lastKnownFileType = sourcecode.swift; path = ModelEditorView.swift; sourceTree = "<group>"; };
		9F88E75D475229D4424D2FC1 /* ReasoningBlockView.swift */ = {isa = PBXFileReference; lastKnownFileType = sourcecode.swift; path = ReasoningBlockView.swift; sourceTree = "<group>"; };
		A18EF17B949C9C5817F9DCE9 /* PrivacySecurityView.swift */ = {isa = PBXFileReference; lastKnownFileType = sourcecode.swift; path = PrivacySecurityView.swift; sourceTree = "<group>"; };
		A2633E84AC1785E404DEC82A /* HomeLaunchpadView.swift */ = {isa = PBXFileReference; lastKnownFileType = sourcecode.swift; path = HomeLaunchpadView.swift; sourceTree = "<group>"; };
		A421102C6F73CB0DCC678535 /* FilePreviewView.swift */ = {isa = PBXFileReference; lastKnownFileType = sourcecode.swift; path = FilePreviewView.swift; sourceTree = "<group>"; };
		A4A0E75544F5FA28387CB77B /* ProviderListView.swift */ = {isa = PBXFileReference; lastKnownFileType = sourcecode.swift; path = ProviderListView.swift; sourceTree = "<group>"; };
		A6361867E119C80F4DB74A23 /* DocumentPickerView.swift */ = {isa = PBXFileReference; lastKnownFileType = sourcecode.swift; path = DocumentPickerView.swift; sourceTree = "<group>"; };
		A6797B7DAA890D6378153058 /* Localizable.xcstrings */ = {isa = PBXFileReference; lastKnownFileType = text.json.xcstrings; path = Localizable.xcstrings; sourceTree = "<group>"; };
		A6AFF9D3E17B2962EAE99225 /* AppEnvironment.swift */ = {isa = PBXFileReference; lastKnownFileType = sourcecode.swift; path = AppEnvironment.swift; sourceTree = "<group>"; };
		A9882EA32564305D017F2566 /* TextFileEditorView.swift */ = {isa = PBXFileReference; lastKnownFileType = sourcecode.swift; path = TextFileEditorView.swift; sourceTree = "<group>"; };
		AC36D60C36B96A6BDBE81A41 /* HomeOverviewView.swift */ = {isa = PBXFileReference; lastKnownFileType = sourcecode.swift; path = HomeOverviewView.swift; sourceTree = "<group>"; };
		ADE9E409B66EBC3967853B86 /* ModelPickerView.swift */ = {isa = PBXFileReference; lastKnownFileType = sourcecode.swift; path = ModelPickerView.swift; sourceTree = "<group>"; };
		AE529725CBA54629E95EA4F0 /* TaskChangesInspectorView.swift */ = {isa = PBXFileReference; lastKnownFileType = sourcecode.swift; path = TaskChangesInspectorView.swift; sourceTree = "<group>"; };
		B0766D5622BEA31E66BE2CBE /* SettingsCenter.swift */ = {isa = PBXFileReference; lastKnownFileType = sourcecode.swift; path = SettingsCenter.swift; sourceTree = "<group>"; };
		B3135923FB83C439E60E432C /* ToolCallCardView.swift */ = {isa = PBXFileReference; lastKnownFileType = sourcecode.swift; path = ToolCallCardView.swift; sourceTree = "<group>"; };
		B411EDF873B55072F23B97F0 /* FileInspectorView.swift */ = {isa = PBXFileReference; lastKnownFileType = sourcecode.swift; path = FileInspectorView.swift; sourceTree = "<group>"; };
		B536F4DA6282AE9A983C8498 /* RemoteImageUnavailableView.swift */ = {isa = PBXFileReference; lastKnownFileType = sourcecode.swift; path = RemoteImageUnavailableView.swift; sourceTree = "<group>"; };
		B5E373AD5E7E721591E5441B /* WorkspacePickerView.swift */ = {isa = PBXFileReference; lastKnownFileType = sourcecode.swift; path = WorkspacePickerView.swift; sourceTree = "<group>"; };
		B79C8C2B8701925AEC218168 /* BrowserView.swift */ = {isa = PBXFileReference; lastKnownFileType = sourcecode.swift; path = BrowserView.swift; sourceTree = "<group>"; };
		B7CA2C01CEE850FC7B6F1D6A /* ProvidersSettingsView.swift */ = {isa = PBXFileReference; lastKnownFileType = sourcecode.swift; path = ProvidersSettingsView.swift; sourceTree = "<group>"; };
		BACF0650EC6E172999FEB4EC /* ThreadEventView.swift */ = {isa = PBXFileReference; lastKnownFileType = sourcecode.swift; path = ThreadEventView.swift; sourceTree = "<group>"; };
		BE522C8BF30B54FAD939C53C /* AuxiliaryModelsView.swift */ = {isa = PBXFileReference; lastKnownFileType = sourcecode.swift; path = AuxiliaryModelsView.swift; sourceTree = "<group>"; };
		C249A312D3F94BF9CBA98F76 /* CrashAndFeedbackRegressionTests.swift */ = {isa = PBXFileReference; lastKnownFileType = sourcecode.swift; path = CrashAndFeedbackRegressionTests.swift; sourceTree = "<group>"; };
		C3B3B3E433B5BD9B6C5B1835 /* HomeLaunchpadViewModel.swift */ = {isa = PBXFileReference; lastKnownFileType = sourcecode.swift; path = HomeLaunchpadViewModel.swift; sourceTree = "<group>"; };
		C43555513E313C954D2E39B3 /* ProviderListViewModel.swift */ = {isa = PBXFileReference; lastKnownFileType = sourcecode.swift; path = ProviderListViewModel.swift; sourceTree = "<group>"; };
		C4CD5173D18CDDB6549BBD7D /* RemoteSessionCenter.swift */ = {isa = PBXFileReference; lastKnownFileType = sourcecode.swift; path = RemoteSessionCenter.swift; sourceTree = "<group>"; };
		CB4807D41A6BD7259F8D0356 /* DiagnosticsExporter.swift */ = {isa = PBXFileReference; lastKnownFileType = sourcecode.swift; path = DiagnosticsExporter.swift; sourceTree = "<group>"; };
		CC3A70A09C1A7E292DB36A43 /* TaskInspectorViews.swift */ = {isa = PBXFileReference; lastKnownFileType = sourcecode.swift; path = TaskInspectorViews.swift; sourceTree = "<group>"; };
		CF5F8AFB4D253F079EA5CF84 /* AppDestination.swift */ = {isa = PBXFileReference; lastKnownFileType = sourcecode.swift; path = AppDestination.swift; sourceTree = "<group>"; };
		D499B038C15DC8EA198B669A /* BrowserModels.swift */ = {isa = PBXFileReference; lastKnownFileType = sourcecode.swift; path = BrowserModels.swift; sourceTree = "<group>"; };
		D6980E6E2001E2C4508A503A /* VoiceInputController.swift */ = {isa = PBXFileReference; lastKnownFileType = sourcecode.swift; path = VoiceInputController.swift; sourceTree = "<group>"; };
		DA165A2C7BD607DB6F26AD7B /* ConversationListView.swift */ = {isa = PBXFileReference; lastKnownFileType = sourcecode.swift; path = ConversationListView.swift; sourceTree = "<group>"; };
		DAE9694DEA1FE25E7468F008 /* WorkspaceCenter.swift */ = {isa = PBXFileReference; lastKnownFileType = sourcecode.swift; path = WorkspaceCenter.swift; sourceTree = "<group>"; };
		DB97B6031201DC2B9654F686 /* ProviderEditorView.swift */ = {isa = PBXFileReference; lastKnownFileType = sourcecode.swift; path = ProviderEditorView.swift; sourceTree = "<group>"; };
		DC33B8AF239E339094A7D999 /* BrowserURLPolicy.swift */ = {isa = PBXFileReference; lastKnownFileType = sourcecode.swift; path = BrowserURLPolicy.swift; sourceTree = "<group>"; };
		E0E86FB249DA97D2FA57FBA7 /* AppRouter.swift */ = {isa = PBXFileReference; lastKnownFileType = sourcecode.swift; path = AppRouter.swift; sourceTree = "<group>"; };
		E112A159AE387A7219A69172 /* RunStateLocalizer.swift */ = {isa = PBXFileReference; lastKnownFileType = sourcecode.swift; path = RunStateLocalizer.swift; sourceTree = "<group>"; };
		E3EF97C2442DD744CEB320A0 /* PlatformBackgroundPolicy.swift */ = {isa = PBXFileReference; lastKnownFileType = sourcecode.swift; path = PlatformBackgroundPolicy.swift; sourceTree = "<group>"; };
		E9C72C2A24D117C574C0444C /* BrowserSessionCenter.swift */ = {isa = PBXFileReference; lastKnownFileType = sourcecode.swift; path = BrowserSessionCenter.swift; sourceTree = "<group>"; };
		EA10AC479B03C7D998AC448B /* ThreadDetailViewModel.swift */ = {isa = PBXFileReference; lastKnownFileType = sourcecode.swift; path = ThreadDetailViewModel.swift; sourceTree = "<group>"; };
		EB400574B41454793B7461C2 /* iPadBackgroundPolicy.swift */ = {isa = PBXFileReference; lastKnownFileType = sourcecode.swift; path = iPadBackgroundPolicy.swift; sourceTree = "<group>"; };
		EBF4EA91353CD8A801DCA98A /* ErrorEventView.swift */ = {isa = PBXFileReference; lastKnownFileType = sourcecode.swift; path = ErrorEventView.swift; sourceTree = "<group>"; };
		F0878619F1F1230D0EC1AF2D /* ThreadComposerView.swift */ = {isa = PBXFileReference; lastKnownFileType = sourcecode.swift; path = ThreadComposerView.swift; sourceTree = "<group>"; };
		F8B270D611B66EBCE12B3968 /* ThreadTimeline.swift */ = {isa = PBXFileReference; lastKnownFileType = sourcecode.swift; path = ThreadTimeline.swift; sourceTree = "<group>"; };
		FF07847A2353D846B363915C /* ThreadTimelineTests.swift */ = {isa = PBXFileReference; lastKnownFileType = sourcecode.swift; path = ThreadTimelineTests.swift; sourceTree = "<group>"; };
/* End PBXFileReference section */

/* Begin PBXFrameworksBuildPhase section */
		DB3143927DF1F8F8F1F9C9EF /* Frameworks */ = {
			isa = PBXFrameworksBuildPhase;
			buildActionMask = 2147483647;
			files = (
				4707D8E92893B0ED9C62F8F9 /* FloeCore in Frameworks */,
				79513D3F13F2694F56459286 /* FloeModels in Frameworks */,
				C289286498042D0530D1590B /* FloeProviders in Frameworks */,
				E40E39F14DBED467D850E91A /* FloeAgentRuntime in Frameworks */,
				B2196F0D1CCA995A3F4F8C0D /* FloeTools in Frameworks */,
				089D513D837438C091ED08A0 /* FloeSkills in Frameworks */,
				33744B55369D187E0173FB77 /* FloePersistence in Frameworks */,
				557E5740D65A080E412BDBA3 /* FloeSecurity in Frameworks */,
				6B0D3A07EB93CDB1FF10B326 /* FloeSync in Frameworks */,
				C2A979185D804135CE278ADA /* FloeSyncCore in Frameworks */,
				405D2CF50F65452FBB99CE0D /* FloeDocuments in Frameworks */,
				ABAF2700584FE5E93C50DA1B /* FloeImages in Frameworks */,
				A1730325CB40AA74E22D3C28 /* FloeSSH in Frameworks */,
				D22B0A2A27F38C4AA93FC7E5 /* FloeVNC in Frameworks */,
				6351CFE8FFBB071B71F5A3D2 /* FloeMarkdown in Frameworks */,
				5B7645F8BEC4BA09E98FA7CA /* FloeWorkspace in Frameworks */,
				5BB820EF2110E8C73542D2C2 /* FloeExecution in Frameworks */,
			);
			runOnlyForDeploymentPostprocessing = 0;
		};
/* End PBXFrameworksBuildPhase section */

/* Begin PBXGroup section */
		039830B0F46D9F3BB31E08A6 /* Platform */ = {
			isa = PBXGroup;
			children = (
				3D916CCF8A7BB2EDB41913DD /* BackgroundRunCoordinator.swift */,
				EB400574B41454793B7461C2 /* iPadBackgroundPolicy.swift */,
				699FBAE02E34D628B5FC48B7 /* iPhoneBackgroundPolicy.swift */,
				E3EF97C2442DD744CEB320A0 /* PlatformBackgroundPolicy.swift */,
			);
			path = Platform;
			sourceTree = "<group>";
		};
		148A98B4C66AA93AB345AB92 /* FloeAgentUITests */ = {
			isa = PBXGroup;
			children = (
				734621A9EFCDFAC074872173 /* BrowserProtocolTests.swift */,
				C249A312D3F94BF9CBA98F76 /* CrashAndFeedbackRegressionTests.swift */,
				52D9BCACE744F05C27341A43 /* HomeChatSeparationTests.swift */,
				6E280242F651031E86A80A21 /* HomeChatVoiceUITests.swift */,
				725BE47119CCC3DF63FC2881 /* SetupGuideUITests.swift */,
				2E47EC0D4490B49AD44060DE /* SyncSettingsUITests.swift */,
				FF07847A2353D846B363915C /* ThreadTimelineTests.swift */,
				18C94A3850D88CA96343408E /* VoiceInputControllerTests.swift */,
			);
			path = FloeAgentUITests;
			sourceTree = "<group>";
		};
		162B2C46C4114FAACE5567CC /* Files */ = {
			isa = PBXGroup;
			children = (
				A6361867E119C80F4DB74A23 /* DocumentPickerView.swift */,
				18A3792AECF660ADFEA7D4B8 /* FilesCenter.swift */,
				940DE18872CD21D45A855A30 /* FilesView.swift */,
				00969624B0A954308417634B /* FilesViewModel.swift */,
				69C64CCB64B5B7C45F45C253 /* ImageEditorView.swift */,
				9D3F41AA3EFDF6F065F64FBB /* ImageEditorViewModel.swift */,
				8B378CF37C409045418D9D24 /* QuickLookView.swift */,
				2D2970DE592A16AFA08AE6A2 /* RemoteImageCreationView.swift */,
				B536F4DA6282AE9A983C8498 /* RemoteImageUnavailableView.swift */,
			);
			path = Files;
			sourceTree = "<group>";
		};
		19EE8B16BC5E1462CE6B18DF /* Workspace */ = {
			isa = PBXGroup;
			children = (
				05CD3FCDF6CC1F08B06B9119 /* DiffView.swift */,
				B411EDF873B55072F23B97F0 /* FileInspectorView.swift */,
				A421102C6F73CB0DCC678535 /* FilePreviewView.swift */,
				42E25ED52EAD56B5234BCA43 /* FileTreeView.swift */,
				86BFC8770B049F008476B6C8 /* FileTreeViewModel.swift */,
				A9882EA32564305D017F2566 /* TextFileEditorView.swift */,
				DAE9694DEA1FE25E7468F008 /* WorkspaceCenter.swift */,
				B5E373AD5E7E721591E5441B /* WorkspacePickerView.swift */,
			);
			path = Workspace;
			sourceTree = "<group>";
		};
		29EDD33747CA9DDAA4B71002 /* Onboarding */ = {
			isa = PBXGroup;
			children = (
				6C1C39FA1A8D05FF5A1E63EE /* OnboardingView.swift */,
				2CB28627E88075511A391819 /* OnboardingViewModel.swift */,
				83D0EBB0361B5F388903EE7F /* SetupGuideLauncherView.swift */,
			);
			path = Onboarding;
			sourceTree = "<group>";
		};
		35B34449845BA5764B611925 /* Hosts */ = {
			isa = PBXGroup;
			children = (
				085605503DC285FC91B0449B /* HostEditorView.swift */,
				34D4C7AAC317C256EEB4AFAD /* HostEditorViewModel.swift */,
				52EAF0302B89FA6FFFD6A697 /* HostKeyTrustSheet.swift */,
				7A23E7E08860487A8333BE4F /* HostListView.swift */,
				104F2ACE88D931C8C54A6787 /* HostListViewModel.swift */,
			);
			path = Hosts;
			sourceTree = "<group>";
		};
		3EF45847CECC8B8221A2258D /* Skills */ = {
			isa = PBXGroup;
			children = (
				4C7A649C2A6EC1875B18948E /* SkillsCenter.swift */,
				583BB494E657BD1BC7481C75 /* SkillsView.swift */,
			);
			path = Skills;
			sourceTree = "<group>";
		};
		5727792A466E304D18FA4B94 /* Workbench */ = {
			isa = PBXGroup;
			children = (
				AE529725CBA54629E95EA4F0 /* TaskChangesInspectorView.swift */,
				CC3A70A09C1A7E292DB36A43 /* TaskInspectorViews.swift */,
			);
			path = Workbench;
			sourceTree = "<group>";
		};
		5A4895F660C5D22041A0F155 /* App */ = {
			isa = PBXGroup;
			children = (
				A6AFF9D3E17B2962EAE99225 /* AppEnvironment.swift */,
				96D634AA3DDD1E8456E1FB49 /* FloeAgentApp.swift */,
				397DA23AB1A49D66682CE2D2 /* M0DiagnosticsModel.swift */,
				84E9CA8571729543928880E3 /* M0DiagnosticsView.swift */,
			);
			path = App;
			sourceTree = "<group>";
		};
		5F88DD1F13C82F2B405FA801 /* Settings */ = {
			isa = PBXGroup;
			children = (
				105C43DC4C517D5A6A445B8B /* AgentPermissionsView.swift */,
				6856FC02F7D3AA8406FFAE9D /* AuxiliarySettingsView.swift */,
				67421D0E0C3D4BF46F4ACE46 /* DiagnosticsAboutView.swift */,
				CB4807D41A6BD7259F8D0356 /* DiagnosticsExporter.swift */,
				1C801E16B941B45C62C279A9 /* ExecutionEnvironmentView.swift */,
				533B35B37CF7B7268AEB05B9 /* FeedbackReportView.swift */,
				515EFE93A7878B464ECA3848 /* FeedbackUploadService.swift */,
				425DF63623F387B29E54E3DE /* FilesSettingsView.swift */,
				6E788D879DCEB044587CF121 /* GeneralSettingsView.swift */,
				A18EF17B949C9C5817F9DCE9 /* PrivacySecurityView.swift */,
				B7CA2C01CEE850FC7B6F1D6A /* ProvidersSettingsView.swift */,
				7F4320C0FA1D4880122D9B3B /* RemoteSettingsView.swift */,
				14B115F54C03CD39CDBDCABC /* SettingsActions.swift */,
				B0766D5622BEA31E66BE2CBE /* SettingsCenter.swift */,
				50BA473C0A70CA3815EF338B /* SettingsRootView.swift */,
				38EF13B22EE01FC77116294D /* SyncSettingsView.swift */,
			);
			path = Settings;
			sourceTree = "<group>";
		};
		64CFBB0DD062596163E818C8 /* Browser */ = {
			isa = PBXGroup;
			children = (
				D499B038C15DC8EA198B669A /* BrowserModels.swift */,
				E9C72C2A24D117C574C0444C /* BrowserSessionCenter.swift */,
				1B80FCD68F0A3B45FD2E6F5E /* BrowserTools.swift */,
				DC33B8AF239E339094A7D999 /* BrowserURLPolicy.swift */,
				B79C8C2B8701925AEC218168 /* BrowserView.swift */,
			);
			path = Browser;
			sourceTree = "<group>";
		};
		662EB09365DAD3DF8603C700 /* Tests */ = {
			isa = PBXGroup;
			children = (
				148A98B4C66AA93AB345AB92 /* FloeAgentUITests */,
			);
			path = Tests;
			sourceTree = "<group>";
		};
		6981ED2BB91A3718E09C6710 /* Home */ = {
			isa = PBXGroup;
			children = (
				A2633E84AC1785E404DEC82A /* HomeLaunchpadView.swift */,
				C3B3B3E433B5BD9B6C5B1835 /* HomeLaunchpadViewModel.swift */,
				AC36D60C36B96A6BDBE81A41 /* HomeOverviewView.swift */,
				2D008574B5C037321A6B5540 /* TaskScheduleSheet.swift */,
			);
			path = Home;
			sourceTree = "<group>";
		};
		7496B22C8D4B5D5368CCE94A /* Providers */ = {
			isa = PBXGroup;
			children = (
				BE522C8BF30B54FAD939C53C /* AuxiliaryModelsView.swift */,
				9ED88DC18A9D3D6ABA16DE7E /* ModelEditorView.swift */,
				ADE9E409B66EBC3967853B86 /* ModelPickerView.swift */,
				DB97B6031201DC2B9654F686 /* ProviderEditorView.swift */,
				857283D5BF6E741DD727418D /* ProviderEditorViewModel.swift */,
				A4A0E75544F5FA28387CB77B /* ProviderListView.swift */,
				C43555513E313C954D2E39B3 /* ProviderListViewModel.swift */,
			);
			path = Providers;
			sourceTree = "<group>";
		};
		767A8A677CD42C54269BAEC2 /* Terminal */ = {
			isa = PBXGroup;
			children = (
				605587D767C978B8023F0DE2 /* SSHSessionOwner.swift */,
				9B8826D4AB351DBF9CFF40AD /* TerminalView.swift */,
				531772E03835546E29F3B7DF /* TerminalViewModel.swift */,
			);
			path = Terminal;
			sourceTree = "<group>";
		};
		7B19447D8C5B6A2F99893BA7 /* Memory */ = {
			isa = PBXGroup;
			children = (
				3319E3323937D58167E59374 /* MemoryView.swift */,
			);
			path = Memory;
			sourceTree = "<group>";
		};
		7F4A40D52ACD505A41DB4A41 /* Chat */ = {
			isa = PBXGroup;
			children = (
				8B2CC51635FB2F20F5C41CA1 /* ApprovalCardView.swift */,
				31D98DFED3D114A699F77361 /* AssistantMessageView.swift */,
				DA165A2C7BD607DB6F26AD7B /* ConversationListView.swift */,
				66624FE4F8480041F7602716 /* ConversationListViewModel.swift */,
				EBF4EA91353CD8A801DCA98A /* ErrorEventView.swift */,
				9F88E75D475229D4424D2FC1 /* ReasoningBlockView.swift */,
				E112A159AE387A7219A69172 /* RunStateLocalizer.swift */,
				F0878619F1F1230D0EC1AF2D /* ThreadComposerView.swift */,
				17F136474D0FB91E6F810317 /* ThreadDetailView.swift */,
				EA10AC479B03C7D998AC448B /* ThreadDetailViewModel.swift */,
				BACF0650EC6E172999FEB4EC /* ThreadEventView.swift */,
				F8B270D611B66EBCE12B3968 /* ThreadTimeline.swift */,
				B3135923FB83C439E60E432C /* ToolCallCardView.swift */,
				30E546884B42CDF2BB96931B /* UserMessageBubble.swift */,
				B71E88E3B400ADA7F3C8FA26 /* Render */,
			);
			path = Chat;
			sourceTree = "<group>";
		};
		803D098B2BC01A91E2C0353D = {
			isa = PBXGroup;
			children = (
				D503CE8C555DE955FC1B0FEE /* FloeApp */,
				D38FE95FA512115C4664ECFE /* Packages */,
				662EB09365DAD3DF8603C700 /* Tests */,
				D2F4766B4780E506300D05AC /* Products */,
			);
			sourceTree = "<group>";
		};
		B6AD6399851AAAD8A47979D5 /* VNC */ = {
			isa = PBXGroup;
			children = (
				7DF58B5C692BB56DB9A379F4 /* VNCSessionOwner.swift */,
				8B7FE946AC097054C1CB5A16 /* VNCView.swift */,
				5BA323DAAD3913411F1D5340 /* VNCViewModel.swift */,
			);
			path = VNC;
			sourceTree = "<group>";
		};
		B71E88E3B400ADA7F3C8FA26 /* Render */ = {
			isa = PBXGroup;
			children = (
				42CD1B5E050E9A7C4092CBB5 /* CodeBlockView.swift */,
				680DDD4B4A4B0E26F99D2209 /* MarkdownRendererView.swift */,
			);
			path = Render;
			sourceTree = "<group>";
		};
		B9597FEFCA5E942ADD7B6E13 /* Remote */ = {
			isa = PBXGroup;
			children = (
				50D3F739AE81623062A9C5C9 /* ConversationCenter.swift */,
				C4CD5173D18CDDB6549BBD7D /* RemoteSessionCenter.swift */,
				87F23BEA3A5A6B017F698D28 /* RemoteSessionSnapshot.swift */,
			);
			path = Remote;
			sourceTree = "<group>";
		};
		D06A0D2A834810C09C15E49C /* Voice */ = {
			isa = PBXGroup;
			children = (
				1DCEDA85D7E0A5B195344E38 /* VoiceInput.swift */,
				D6980E6E2001E2C4508A503A /* VoiceInputController.swift */,
				58FD2460881B6EAAD9966732 /* VoiceInputLive.swift */,
			);
			path = Voice;
			sourceTree = "<group>";
		};
		D2F4766B4780E506300D05AC /* Products */ = {
			isa = PBXGroup;
			children = (
				8D4157CD2630B494873F61E6 /* Floe Agent.app */,
				8F6676BA85A2C0059B610493 /* FloeAgentUITests.xctest */,
				20554886B0FDA45513A6ECF9 /* FloeAppTests.xctest */,
			);
			name = Products;
			sourceTree = "<group>";
		};
		D38FE95FA512115C4664ECFE /* Packages */ = {
			isa = PBXGroup;
			children = (
				4B364052541A17BBD46A6C70 /* FloeAgent */,
			);
			name = Packages;
			sourceTree = "<group>";
		};
		D503CE8C555DE955FC1B0FEE /* FloeApp */ = {
			isa = PBXGroup;
			children = (
				5A4895F660C5D22041A0F155 /* App */,
				64CFBB0DD062596163E818C8 /* Browser */,
				7F4A40D52ACD505A41DB4A41 /* Chat */,
				E231240F5BD781568EEABB6C /* Design */,
				F9736247E976C4B2AE821D94 /* Entitlements */,
				162B2C46C4114FAACE5567CC /* Files */,
				6981ED2BB91A3718E09C6710 /* Home */,
				35B34449845BA5764B611925 /* Hosts */,
				7B19447D8C5B6A2F99893BA7 /* Memory */,
				D85ACCE5253C50F1DE5BBD2A /* More */,
				29EDD33747CA9DDAA4B71002 /* Onboarding */,
				039830B0F46D9F3BB31E08A6 /* Platform */,
				7496B22C8D4B5D5368CCE94A /* Providers */,
				B9597FEFCA5E942ADD7B6E13 /* Remote */,
				D945ACAB4A3BFCBED5DF65AE /* Resources */,
				5F88DD1F13C82F2B405FA801 /* Settings */,
				FA9D4E4056CFB7FFCDB218F4 /* Shell */,
				3EF45847CECC8B8221A2258D /* Skills */,
				767A8A677CD42C54269BAEC2 /* Terminal */,
				B6AD6399851AAAD8A47979D5 /* VNC */,
				D06A0D2A834810C09C15E49C /* Voice */,
				5727792A466E304D18FA4B94 /* Workbench */,
				19EE8B16BC5E1462CE6B18DF /* Workspace */,
			);
			path = FloeApp;
			sourceTree = "<group>";
		};
		D85ACCE5253C50F1DE5BBD2A /* More */ = {
			isa = PBXGroup;
			children = (
				8FBC9F374C911EA91D944FB0 /* MoreView.swift */,
				6B429A0789887E0740567D60 /* MoreViewModel.swift */,
			);
			path = More;
			sourceTree = "<group>";
		};
		D945ACAB4A3BFCBED5DF65AE /* Resources */ = {
			isa = PBXGroup;
			children = (
				37BB930D0175C1FF7EE714EE /* Assets.xcassets */,
				916ACA33CDE6532714E49272 /* Info.plist */,
				2E443E03594FBC95E4EB48E2 /* InfoPlist.xcstrings */,
				A6797B7DAA890D6378153058 /* Localizable.xcstrings */,
			);
			path = Resources;
			sourceTree = "<group>";
		};
		E231240F5BD781568EEABB6C /* Design */ = {
			isa = PBXGroup;
			children = (
				75EC88BFEA8FB7EA6A2E1D8D /* FloeTheme.swift */,
			);
			path = Design;
			sourceTree = "<group>";
		};
		F9736247E976C4B2AE821D94 /* Entitlements */ = {
			isa = PBXGroup;
			children = (
				6E4B5351714B8B79EF8E8055 /* Floe.entitlements */,
			);
			path = Entitlements;
			sourceTree = "<group>";
		};
		FA9D4E4056CFB7FFCDB218F4 /* Shell */ = {
			isa = PBXGroup;
			children = (
				CF5F8AFB4D253F079EA5CF84 /* AppDestination.swift */,
				E0E86FB249DA97D2FA57FBA7 /* AppRouter.swift */,
			);
			path = Shell;
			sourceTree = "<group>";
		};
/* End PBXGroup section */

/* Begin PBXNativeTarget section */
		3AFAF3B3CB6F0777A7C6B07F /* FloeAgent */ = {
			isa = PBXNativeTarget;
			buildConfigurationList = B1532B1CAF0880096576D78A /* Build configuration list for PBXNativeTarget "FloeAgent" */;
			buildPhases = (
				635456F5C5F24F3879B481C5 /* Sources */,
				22D9CE5B0F8FCF5F1DDC40F7 /* Resources */,
				DB3143927DF1F8F8F1F9C9EF /* Frameworks */,
			);
			buildRules = (
			);
			dependencies = (
			);
			name = FloeAgent;
			packageProductDependencies = (
				8C092D204147366710DA8E8D /* FloeCore */,
				6D3CC5A66BC37258D46FDF3D /* FloeModels */,
				B6555425212C5867CBB75D36 /* FloeProviders */,
				EF4C9E5ED2F18E4E1CB8A527 /* FloeAgentRuntime */,
				8E8F4CD97A741A8F515EC80E /* FloeTools */,
				5B057579F6C5787F1EF9F172 /* FloeSkills */,
				B1B02F2500B5B465399C11B7 /* FloePersistence */,
				87B8E278FC454AFE6AF6C9E9 /* FloeSecurity */,
				CB9AC1549FA61B1132625EA1 /* FloeSync */,
				42F46C3ACBB2BE695D007080 /* FloeSyncCore */,
				42091B03632EF4B82CED17C8 /* FloeDocuments */,
				EBF97B079841247A01DFCE52 /* FloeImages */,
				DEFB59A49152ED0F642C4865 /* FloeSSH */,
				8D67ACB7499F21D8B8B49FE4 /* FloeVNC */,
				94B845AC13D8F637547A4AB0 /* FloeMarkdown */,
				88998EEAC884C7033D8C41A8 /* FloeWorkspace */,
				59DBBD5C35D97EBB383798F6 /* FloeExecution */,
			);
			productName = FloeAgent;
			productReference = 8D4157CD2630B494873F61E6 /* Floe Agent.app */;
			productType = "com.apple.product-type.application";
		};
		3ED33BFEA83AA76546E45B16 /* FloeAgentUITests */ = {
			isa = PBXNativeTarget;
			buildConfigurationList = 1AA8381BF42E3454786DEE17 /* Build configuration list for PBXNativeTarget "FloeAgentUITests" */;
			buildPhases = (
				65C93652756E9F10C414DC34 /* Sources */,
			);
			buildRules = (
			);
			dependencies = (
				B967FFAFED545E32348011BA /* PBXTargetDependency */,
			);
			name = FloeAgentUITests;
			packageProductDependencies = (
			);
			productName = FloeAgentUITests;
			productReference = 8F6676BA85A2C0059B610493 /* FloeAgentUITests.xctest */;
			productType = "com.apple.product-type.bundle.ui-testing";
		};
		458E437A8986E52E30A7C124 /* FloeAppTests */ = {
			isa = PBXNativeTarget;
			buildConfigurationList = F14E9C1E4DEA6B7A7BE01668 /* Build configuration list for PBXNativeTarget "FloeAppTests" */;
			buildPhases = (
				81016BCB0766F95B3EBA2E3B /* Sources */,
			);
			buildRules = (
			);
			dependencies = (
				503757F53794AEE76A6B89F9 /* PBXTargetDependency */,
			);
			name = FloeAppTests;
			packageProductDependencies = (
			);
			productName = FloeAppTests;
			productReference = 20554886B0FDA45513A6ECF9 /* FloeAppTests.xctest */;
			productType = "com.apple.product-type.bundle.unit-test";
		};
/* End PBXNativeTarget section */

/* Begin PBXProject section */
		34A505482FC52A1ABA7CBF4B /* Project object */ = {
			isa = PBXProject;
			attributes = {
				BuildIndependentTargetsInParallel = YES;
				LastUpgradeCheck = 1430;
				TargetAttributes = {
					3AFAF3B3CB6F0777A7C6B07F = {
						DevelopmentTeam = QYL72C43K6;
					};
					3ED33BFEA83AA76546E45B16 = {
						DevelopmentTeam = QYL72C43K6;
						TestTargetID = 3AFAF3B3CB6F0777A7C6B07F;
					};
					458E437A8986E52E30A7C124 = {
						DevelopmentTeam = QYL72C43K6;
					};
				};
			};
			buildConfigurationList = A666E10011811E9C82F7FDFB /* Build configuration list for PBXProject "FloeAgent" */;
			developmentRegion = en;
			hasScannedForEncodings = 0;
			knownRegions = (
				Base,
				en,
				"zh-Hans",
			);
			mainGroup = 803D098B2BC01A91E2C0353D;
			minimizedProjectReferenceProxies = 1;
			packageReferences = (
				22A88FCEEDE1E3AC97A571ED /* XCLocalSwiftPackageReference "." */,
			);
			preferredProjectObjectVersion = 77;
			productRefGroup = D2F4766B4780E506300D05AC /* Products */;
			projectDirPath = "";
			projectRoot = "";
			targets = (
				3AFAF3B3CB6F0777A7C6B07F /* FloeAgent */,
				3ED33BFEA83AA76546E45B16 /* FloeAgentUITests */,
				458E437A8986E52E30A7C124 /* FloeAppTests */,
			);
		};
/* End PBXProject section */

/* Begin PBXResourcesBuildPhase section */
		22D9CE5B0F8FCF5F1DDC40F7 /* Resources */ = {
			isa = PBXResourcesBuildPhase;
			buildActionMask = 2147483647;
			files = (
				75B75F5F8C25D5B60B5E4541 /* Assets.xcassets in Resources */,
				F9AE89670E3EE68F7DB18F74 /* InfoPlist.xcstrings in Resources */,
				EB441D3ACD8061BE27D87111 /* Localizable.xcstrings in Resources */,
			);
			runOnlyForDeploymentPostprocessing = 0;
		};
/* End PBXResourcesBuildPhase section */

/* Begin PBXSourcesBuildPhase section */
		635456F5C5F24F3879B481C5 /* Sources */ = {
			isa = PBXSourcesBuildPhase;
			buildActionMask = 2147483647;
			files = (
				32180DBBC109A9CEFC4C00A5 /* AgentPermissionsView.swift in Sources */,
				8F40177268113AACE1405851 /* AppDestination.swift in Sources */,
				C5EDFDCD3E6C6D784D9F4ECC /* AppEnvironment.swift in Sources */,
				7B44A496EC3A28601170695B /* AppRouter.swift in Sources */,
				1025E15EE1084740B1DB0D0A /* ApprovalCardView.swift in Sources */,
				C7B7EEE61A3D6CEC98A41E7B /* AssistantMessageView.swift in Sources */,
				ED9E967E7858D92A307B24F6 /* AuxiliaryModelsView.swift in Sources */,
				0F1C7B7F861DC76B9B119C05 /* AuxiliarySettingsView.swift in Sources */,
				4C337AC9C80DE98A41054F60 /* BackgroundRunCoordinator.swift in Sources */,
				B850872108F008D942A08193 /* BrowserModels.swift in Sources */,
				00D36F86084F1651934DAB00 /* BrowserSessionCenter.swift in Sources */,
				64C796E307C77E2774D2761F /* BrowserTools.swift in Sources */,
				FCC65E363F3009B85F3A5908 /* BrowserURLPolicy.swift in Sources */,
				4439885B5FEC7EBB773C2D97 /* BrowserView.swift in Sources */,
				E835F7180E59CE5B63D9A4A8 /* CodeBlockView.swift in Sources */,
				A07E797D244A170430DEF61B /* ConversationCenter.swift in Sources */,
				B30C1248DF0B9FE004549E3F /* ConversationListView.swift in Sources */,
				51FC0B9E3FDE98C725F6BA0E /* ConversationListViewModel.swift in Sources */,
				D27117ADEB48A630EEF5C7E2 /* DiagnosticsAboutView.swift in Sources */,
				E9E31F6E33B8B0EA398D33A9 /* DiagnosticsExporter.swift in Sources */,
				1108F93F3CEE73E9893D390B /* DiffView.swift in Sources */,
				0FC797D1A81F3651D0D3BFBF /* DocumentPickerView.swift in Sources */,
				7E68D5161A58FBD3F6C55FAF /* ErrorEventView.swift in Sources */,
				C5BCA4D53959F1B96E82F8B1 /* ExecutionEnvironmentView.swift in Sources */,
				0698EEE9614E076C9AFEED3A /* FeedbackReportView.swift in Sources */,
				6CC9C3F3F49E9B42F280C04F /* FeedbackUploadService.swift in Sources */,
				3B9C61151DBDF65A67B112C4 /* FileInspectorView.swift in Sources */,
				AE62B83850265049A67A47F4 /* FilePreviewView.swift in Sources */,
				B122E4C91387683F2EDBC728 /* FileTreeView.swift in Sources */,
				6EFA9ED6557018D9EC2EFFC6 /* FileTreeViewModel.swift in Sources */,
				5C200D5807BA7B433E39BBB9 /* FilesCenter.swift in Sources */,
				2B4684696D47D57E69A5ABAF /* FilesSettingsView.swift in Sources */,
				39115D1FF0C2180535C94DCC /* FilesView.swift in Sources */,
				E2667D676B12957E2787BD59 /* FilesViewModel.swift in Sources */,
				C5EF7D89863A823AEC36B81F /* FloeAgentApp.swift in Sources */,
				A5042A844696F85C4BE4D80D /* FloeTheme.swift in Sources */,
				53B0B28D58E300B08FE02EF0 /* GeneralSettingsView.swift in Sources */,
				08F47781D4B996B2696C8989 /* HomeLaunchpadView.swift in Sources */,
				BE534C8C1F5C827155E0256E /* HomeLaunchpadViewModel.swift in Sources */,
				338C444A5850EEA55FE92B63 /* HomeOverviewView.swift in Sources */,
				B030CB108442D9B3CEA7F61B /* HostEditorView.swift in Sources */,
				1A6FCCA07D564C59EC82DBBF /* HostEditorViewModel.swift in Sources */,
				C87A716B9A54B29B695F1F66 /* HostKeyTrustSheet.swift in Sources */,
				2204AB734CAA9BD927FB3F95 /* HostListView.swift in Sources */,
				EF38B4329039226E8A757EE4 /* HostListViewModel.swift in Sources */,
				08CF2008E624ABD269C22C9F /* ImageEditorView.swift in Sources */,
				4144F3019B808B95513380EF /* ImageEditorViewModel.swift in Sources */,
				BAFCFD696F2EA6A8D174FBBD /* M0DiagnosticsModel.swift in Sources */,
				0DB52308023E1468A623C1C7 /* M0DiagnosticsView.swift in Sources */,
				9CBCAF14A029D5BAF1B3ADCA /* MarkdownRendererView.swift in Sources */,
				1BDE99A924FBC27B74F7940A /* MemoryView.swift in Sources */,
				BBDDB8AF6699F17D99D910BA /* ModelEditorView.swift in Sources */,
				89B023C074580181D49D192A /* ModelPickerView.swift in Sources */,
				30F0B2510C03DF07A93756F1 /* MoreView.swift in Sources */,
				42924454C7187541E75FE29D /* MoreViewModel.swift in Sources */,
				9F178F696416A4E7191F56FB /* OnboardingView.swift in Sources */,
				5D9232A405C85062BDDB69D8 /* OnboardingViewModel.swift in Sources */,
				265F22EEB8BC48C7AF62FDCD /* PlatformBackgroundPolicy.swift in Sources */,
				107D9B448A471CEDBE9E0FF6 /* PrivacySecurityView.swift in Sources */,
				9D88F7400A99BF770F8A8DB4 /* ProviderEditorView.swift in Sources */,
				485FA2BD9ACADB87C7D16913 /* ProviderEditorViewModel.swift in Sources */,
				59878DE003DC7D51B58A1669 /* ProviderListView.swift in Sources */,
				2A13232B1933B91BD7195B9D /* ProviderListViewModel.swift in Sources */,
				409300A554DB5115C9C6AB45 /* ProvidersSettingsView.swift in Sources */,
				BD180E6F18D1B24DA6B15D12 /* QuickLookView.swift in Sources */,
				E617FB6AC1EB2366C4F9A4CE /* ReasoningBlockView.swift in Sources */,
				9C448CA84007AF195349A9C1 /* RemoteImageCreationView.swift in Sources */,
				DC760A389374ABA5F93E0DAB /* RemoteImageUnavailableView.swift in Sources */,
				A08697D5A61FF31F4367FE7D /* RemoteSessionCenter.swift in Sources */,
				CEDE8D8AD83D823BBC4E1662 /* RemoteSessionSnapshot.swift in Sources */,
				F97E858A6A5915882FA5E428 /* RemoteSettingsView.swift in Sources */,
				EFB8B154A44004A6D4A9366C /* RunStateLocalizer.swift in Sources */,
				4ADD4F72F382289B6D7101CB /* SSHSessionOwner.swift in Sources */,
				17C3C71EDCDEDB585CA63FF8 /* SettingsActions.swift in Sources */,
				DFA28E00B18DDBC56D222CC1 /* SettingsCenter.swift in Sources */,
				DDC35030D6BFC2C296FFB4D2 /* SettingsRootView.swift in Sources */,
				FBF28B8E8847F0265F9E7C47 /* SetupGuideLauncherView.swift in Sources */,
				11A8872D302E2CA8A8E4F628 /* SkillsCenter.swift in Sources */,
				6746445A87576F1AE979702A /* SkillsView.swift in Sources */,
				60E0C3F854C4FA5869FA041D /* SyncSettingsView.swift in Sources */,
				7C8518294F67702219A7CA5D /* TaskChangesInspectorView.swift in Sources */,
				0F303F4875B02B64A9475FBC /* TaskInspectorViews.swift in Sources */,
				34485AB274BA660CE72C46D6 /* TaskScheduleSheet.swift in Sources */,
				49D4CE5A1CDB89F7EC6BBFEE /* TerminalView.swift in Sources */,
				F2FA4F2EDA410E215E8DA440 /* TerminalViewModel.swift in Sources */,
				7BB5CA51824E786287F252A8 /* TextFileEditorView.swift in Sources */,
				E848083DD6CD8D1D0C33B8EE /* ThreadComposerView.swift in Sources */,
				144C0751E522D91EB3EAD196 /* ThreadDetailView.swift in Sources */,
				EA75F07AFCF7BF5BF8A40F9E /* ThreadDetailViewModel.swift in Sources */,
				671CC44587B45BA2A401FD33 /* ThreadEventView.swift in Sources */,
				E2D2BDB4FA66151CCC91F7D0 /* ThreadTimeline.swift in Sources */,
				330DA84EDC7F8F28C0127FE1 /* ToolCallCardView.swift in Sources */,
				99C54A5F72057E2F5DE439BD /* UserMessageBubble.swift in Sources */,
				C0644D9C266B374CE223488D /* VNCSessionOwner.swift in Sources */,
				DF328431A01C3722680442AB /* VNCView.swift in Sources */,
				AB3605779C6F0C4864D85CE2 /* VNCViewModel.swift in Sources */,
				C8EB11021CF07BD709D09AA5 /* VoiceInput.swift in Sources */,
				EC895B8CCE64F446C1797162 /* VoiceInputController.swift in Sources */,
				FB6996DA07A08B986A011ED7 /* VoiceInputLive.swift in Sources */,
				31A880D7E77E4D90E1CA89EF /* WorkspaceCenter.swift in Sources */,
				3579C243C8D17340786C7E1D /* WorkspacePickerView.swift in Sources */,
				2D1426A11BF0547700CA8D5D /* iPadBackgroundPolicy.swift in Sources */,
				3324AFAEF977E427D066CD85 /* iPhoneBackgroundPolicy.swift in Sources */,
			);
			runOnlyForDeploymentPostprocessing = 0;
		};
		65C93652756E9F10C414DC34 /* Sources */ = {
			isa = PBXSourcesBuildPhase;
			buildActionMask = 2147483647;
			files = (
				5E947BB83381A4621C72C7F6 /* HomeChatVoiceUITests.swift in Sources */,
				912A144E85A4C312537582FC /* SetupGuideUITests.swift in Sources */,
				6045112F9A180B4BE2084A67 /* SyncSettingsUITests.swift in Sources */,
			);
			runOnlyForDeploymentPostprocessing = 0;
		};
		81016BCB0766F95B3EBA2E3B /* Sources */ = {
			isa = PBXSourcesBuildPhase;
			buildActionMask = 2147483647;
			files = (
				200FF4205A0D8FB439E16371 /* BrowserProtocolTests.swift in Sources */,
				A6C15214795012140B3AC46D /* CrashAndFeedbackRegressionTests.swift in Sources */,
				448125A55DDC627D8D972046 /* HomeChatSeparationTests.swift in Sources */,
				24D360EC17E29EC2F3B4E2AA /* ThreadTimelineTests.swift in Sources */,
				B8558423FFAEBC3CBA0916FA /* VoiceInputControllerTests.swift in Sources */,
			);
			runOnlyForDeploymentPostprocessing = 0;
		};
/* End PBXSourcesBuildPhase section */

/* Begin PBXTargetDependency section */
		503757F53794AEE76A6B89F9 /* PBXTargetDependency */ = {
			isa = PBXTargetDependency;
			target = 3AFAF3B3CB6F0777A7C6B07F /* FloeAgent */;
			targetProxy = 8CA7EF475329D23BA8AE4822 /* PBXContainerItemProxy */;
		};
		B967FFAFED545E32348011BA /* PBXTargetDependency */ = {
			isa = PBXTargetDependency;
			target = 3AFAF3B3CB6F0777A7C6B07F /* FloeAgent */;
			targetProxy = 02EEB3AECC6C7D84AE6D7510 /* PBXContainerItemProxy */;
		};
/* End PBXTargetDependency section */

/* Begin XCBuildConfiguration section */
		04E74A41FD0A3FEA7868AC50 /* Debug */ = {
			isa = XCBuildConfiguration;
			buildSettings = {
				BUNDLE_LOADER = "$(TEST_HOST)";
				DEVELOPMENT_TEAM = QYL72C43K6;
				GENERATE_INFOPLIST_FILE = YES;
				IPHONEOS_DEPLOYMENT_TARGET = 26.0;
				LD_RUNPATH_SEARCH_PATHS = (
					"$(inherited)",
					"@executable_path/Frameworks",
					"@loader_path/Frameworks",
				);
				PRODUCT_BUNDLE_IDENTIFIER = org.floeagent.ios.tests;
				SDKROOT = iphoneos;
				SWIFT_VERSION = 6.0;
				TARGETED_DEVICE_FAMILY = "1,2";
				TEST_HOST = "$(BUILT_PRODUCTS_DIR)/Floe Agent.app/Floe Agent";
			};
			name = Debug;
		};
		06D6A3B826D9F96AE81F4773 /* Release */ = {
			isa = XCBuildConfiguration;
			buildSettings = {
				ASSETCATALOG_COMPILER_APPICON_NAME = AppIcon;
				ASSETCATALOG_COMPILER_GENERATE_SWIFT_ASSET_SYMBOL_EXTENSIONS = YES;
				CODE_SIGN_ENTITLEMENTS = FloeApp/Entitlements/Floe.entitlements;
				CODE_SIGN_IDENTITY = "iPhone Developer";
				CURRENT_PROJECT_VERSION = 11;
				DEVELOPMENT_TEAM = QYL72C43K6;
				ENABLE_USER_SCRIPT_SANDBOXING = YES;
				GENERATE_INFOPLIST_FILE = NO;
				INFOPLIST_FILE = FloeApp/Resources/Info.plist;
				IPHONEOS_DEPLOYMENT_TARGET = 26.0;
				LD_RUNPATH_SEARCH_PATHS = (
					"$(inherited)",
					"@executable_path/Frameworks",
				);
				MARKETING_VERSION = 1.2.0;
				PRODUCT_BUNDLE_IDENTIFIER = org.floeagent.ios;
				PRODUCT_MODULE_NAME = FloeApp;
				PRODUCT_NAME = "Floe Agent";
				SDKROOT = iphoneos;
				SWIFT_COMPILATION_MODE = wholemodule;
				SWIFT_STRICT_CONCURRENCY = complete;
				SWIFT_VERSION = 6.0;
				TARGETED_DEVICE_FAMILY = "1,2";
			};
			name = Release;
		};
		5C5756D612406C3AF5913AC7 /* Release */ = {
			isa = XCBuildConfiguration;
			buildSettings = {
				ALWAYS_SEARCH_USER_PATHS = NO;
				CLANG_ANALYZER_NONNULL = YES;
				CLANG_ANALYZER_NUMBER_OBJECT_CONVERSION = YES_AGGRESSIVE;
				CLANG_CXX_LANGUAGE_STANDARD = "gnu++14";
				CLANG_CXX_LIBRARY = "libc++";
				CLANG_ENABLE_MODULES = YES;
				CLANG_ENABLE_OBJC_ARC = YES;
				CLANG_ENABLE_OBJC_WEAK = YES;
				CLANG_WARN_BLOCK_CAPTURE_AUTORELEASING = YES;
				CLANG_WARN_BOOL_CONVERSION = YES;
				CLANG_WARN_COMMA = YES;
				CLANG_WARN_CONSTANT_CONVERSION = YES;
				CLANG_WARN_DEPRECATED_OBJC_IMPLEMENTATIONS = YES;
				CLANG_WARN_DIRECT_OBJC_ISA_USAGE = YES_ERROR;
				CLANG_WARN_DOCUMENTATION_COMMENTS = YES;
				CLANG_WARN_EMPTY_BODY = YES;
				CLANG_WARN_ENUM_CONVERSION = YES;
				CLANG_WARN_INFINITE_RECURSION = YES;
				CLANG_WARN_INT_CONVERSION = YES;
				CLANG_WARN_NON_LITERAL_NULL_CONVERSION = YES;
				CLANG_WARN_OBJC_IMPLICIT_RETAIN_SELF = YES;
				CLANG_WARN_OBJC_LITERAL_CONVERSION = YES;
				CLANG_WARN_OBJC_ROOT_CLASS = YES_ERROR;
				CLANG_WARN_QUOTED_INCLUDE_IN_FRAMEWORK_HEADER = YES;
				CLANG_WARN_RANGE_LOOP_ANALYSIS = YES;
				CLANG_WARN_STRICT_PROTOTYPES = YES;
				CLANG_WARN_SUSPICIOUS_MOVE = YES;
				CLANG_WARN_UNGUARDED_AVAILABILITY = YES_AGGRESSIVE;
				CLANG_WARN_UNREACHABLE_CODE = YES;
				CLANG_WARN__DUPLICATE_METHOD_MATCH = YES;
				COPY_PHASE_STRIP = NO;
				DEBUG_INFORMATION_FORMAT = "dwarf-with-dsym";
				ENABLE_NS_ASSERTIONS = NO;
				ENABLE_STRICT_OBJC_MSGSEND = YES;
				GCC_C_LANGUAGE_STANDARD = gnu11;
				GCC_NO_COMMON_BLOCKS = YES;
				GCC_WARN_64_TO_32_BIT_CONVERSION = YES;
				GCC_WARN_ABOUT_RETURN_TYPE = YES_ERROR;
				GCC_WARN_UNDECLARED_SELECTOR = YES;
				GCC_WARN_UNINITIALIZED_AUTOS = YES_AGGRESSIVE;
				GCC_WARN_UNUSED_FUNCTION = YES;
				GCC_WARN_UNUSED_VARIABLE = YES;
				IPHONEOS_DEPLOYMENT_TARGET = 26.0;
				MTL_ENABLE_DEBUG_INFO = NO;
				MTL_FAST_MATH = YES;
				PRODUCT_NAME = "$(TARGET_NAME)";
				SDKROOT = iphoneos;
				SWIFT_COMPILATION_MODE = wholemodule;
				SWIFT_OPTIMIZATION_LEVEL = "-O";
				SWIFT_VERSION = 5.0;
			};
			name = Release;
		};
		6D64DF1CFFCBB85CE274044C /* Debug */ = {
			isa = XCBuildConfiguration;
			buildSettings = {
				BUNDLE_LOADER = "$(TEST_HOST)";
				DEVELOPMENT_TEAM = QYL72C43K6;
				GENERATE_INFOPLIST_FILE = YES;
				IPHONEOS_DEPLOYMENT_TARGET = 26.0;
				LD_RUNPATH_SEARCH_PATHS = (
					"$(inherited)",
					"@executable_path/Frameworks",
					"@loader_path/Frameworks",
				);
				PRODUCT_BUNDLE_IDENTIFIER = org.floeagent.ios.uitests;
				SDKROOT = iphoneos;
				SWIFT_VERSION = 6.0;
				TARGETED_DEVICE_FAMILY = "1,2";
				TEST_TARGET_NAME = FloeAgent;
			};
			name = Debug;
		};
		85FD2445DECE581FB7300C8B /* Debug */ = {
			isa = XCBuildConfiguration;
			buildSettings = {
				ALWAYS_SEARCH_USER_PATHS = NO;
				CLANG_ANALYZER_NONNULL = YES;
				CLANG_ANALYZER_NUMBER_OBJECT_CONVERSION = YES_AGGRESSIVE;
				CLANG_CXX_LANGUAGE_STANDARD = "gnu++14";
				CLANG_CXX_LIBRARY = "libc++";
				CLANG_ENABLE_MODULES = YES;
				CLANG_ENABLE_OBJC_ARC = YES;
				CLANG_ENABLE_OBJC_WEAK = YES;
				CLANG_WARN_BLOCK_CAPTURE_AUTORELEASING = YES;
				CLANG_WARN_BOOL_CONVERSION = YES;
				CLANG_WARN_COMMA = YES;
				CLANG_WARN_CONSTANT_CONVERSION = YES;
				CLANG_WARN_DEPRECATED_OBJC_IMPLEMENTATIONS = YES;
				CLANG_WARN_DIRECT_OBJC_ISA_USAGE = YES_ERROR;
				CLANG_WARN_DOCUMENTATION_COMMENTS = YES;
				CLANG_WARN_EMPTY_BODY = YES;
				CLANG_WARN_ENUM_CONVERSION = YES;
				CLANG_WARN_INFINITE_RECURSION = YES;
				CLANG_WARN_INT_CONVERSION = YES;
				CLANG_WARN_NON_LITERAL_NULL_CONVERSION = YES;
				CLANG_WARN_OBJC_IMPLICIT_RETAIN_SELF = YES;
				CLANG_WARN_OBJC_LITERAL_CONVERSION = YES;
				CLANG_WARN_OBJC_ROOT_CLASS = YES_ERROR;
				CLANG_WARN_QUOTED_INCLUDE_IN_FRAMEWORK_HEADER = YES;
				CLANG_WARN_RANGE_LOOP_ANALYSIS = YES;
				CLANG_WARN_STRICT_PROTOTYPES = YES;
				CLANG_WARN_SUSPICIOUS_MOVE = YES;
				CLANG_WARN_UNGUARDED_AVAILABILITY = YES_AGGRESSIVE;
				CLANG_WARN_UNREACHABLE_CODE = YES;
				CLANG_WARN__DUPLICATE_METHOD_MATCH = YES;
				COPY_PHASE_STRIP = NO;
				DEBUG_INFORMATION_FORMAT = dwarf;
				ENABLE_STRICT_OBJC_MSGSEND = YES;
				ENABLE_TESTABILITY = YES;
				GCC_C_LANGUAGE_STANDARD = gnu11;
				GCC_DYNAMIC_NO_PIC = NO;
				GCC_NO_COMMON_BLOCKS = YES;
				GCC_OPTIMIZATION_LEVEL = 0;
				GCC_PREPROCESSOR_DEFINITIONS = (
					"$(inherited)",
					"DEBUG=1",
				);
				GCC_WARN_64_TO_32_BIT_CONVERSION = YES;
				GCC_WARN_ABOUT_RETURN_TYPE = YES_ERROR;
				GCC_WARN_UNDECLARED_SELECTOR = YES;
				GCC_WARN_UNINITIALIZED_AUTOS = YES_AGGRESSIVE;
				GCC_WARN_UNUSED_FUNCTION = YES;
				GCC_WARN_UNUSED_VARIABLE = YES;
				IPHONEOS_DEPLOYMENT_TARGET = 26.0;
				MTL_ENABLE_DEBUG_INFO = INCLUDE_SOURCE;
				MTL_FAST_MATH = YES;
				ONLY_ACTIVE_ARCH = YES;
				PRODUCT_NAME = "$(TARGET_NAME)";
				SDKROOT = iphoneos;
				SWIFT_ACTIVE_COMPILATION_CONDITIONS = DEBUG;
				SWIFT_OPTIMIZATION_LEVEL = "-Onone";
				SWIFT_VERSION = 5.0;
			};
			name = Debug;
		};
		A48A6F5D4844A2FCBD876EB0 /* Release */ = {
			isa = XCBuildConfiguration;
			buildSettings = {
				BUNDLE_LOADER = "$(TEST_HOST)";
				DEVELOPMENT_TEAM = QYL72C43K6;
				GENERATE_INFOPLIST_FILE = YES;
				IPHONEOS_DEPLOYMENT_TARGET = 26.0;
				LD_RUNPATH_SEARCH_PATHS = (
					"$(inherited)",
					"@executable_path/Frameworks",
					"@loader_path/Frameworks",
				);
				PRODUCT_BUNDLE_IDENTIFIER = org.floeagent.ios.uitests;
				SDKROOT = iphoneos;
				SWIFT_VERSION = 6.0;
				TARGETED_DEVICE_FAMILY = "1,2";
				TEST_TARGET_NAME = FloeAgent;
			};
			name = Release;
		};
		B42180383A323CEE990BB7DA /* Debug */ = {
			isa = XCBuildConfiguration;
			buildSettings = {
				ASSETCATALOG_COMPILER_APPICON_NAME = AppIcon;
				ASSETCATALOG_COMPILER_GENERATE_SWIFT_ASSET_SYMBOL_EXTENSIONS = YES;
				CODE_SIGN_ENTITLEMENTS = FloeApp/Entitlements/Floe.entitlements;
				CODE_SIGN_IDENTITY = "iPhone Developer";
				CURRENT_PROJECT_VERSION = 11;
				DEVELOPMENT_TEAM = QYL72C43K6;
				ENABLE_USER_SCRIPT_SANDBOXING = YES;
				GENERATE_INFOPLIST_FILE = NO;
				INFOPLIST_FILE = FloeApp/Resources/Info.plist;
				IPHONEOS_DEPLOYMENT_TARGET = 26.0;
				LD_RUNPATH_SEARCH_PATHS = (
					"$(inherited)",
					"@executable_path/Frameworks",
				);
				MARKETING_VERSION = 1.2.0;
				PRODUCT_BUNDLE_IDENTIFIER = org.floeagent.ios;
				PRODUCT_MODULE_NAME = FloeApp;
				PRODUCT_NAME = "Floe Agent";
				SDKROOT = iphoneos;
				SWIFT_ACTIVE_COMPILATION_CONDITIONS = DEBUG;
				SWIFT_STRICT_CONCURRENCY = complete;
				SWIFT_VERSION = 6.0;
				TARGETED_DEVICE_FAMILY = "1,2";
			};
			name = Debug;
		};
		DC0944EBE7F318209C43C803 /* Release */ = {
			isa = XCBuildConfiguration;
			buildSettings = {
				BUNDLE_LOADER = "$(TEST_HOST)";
				DEVELOPMENT_TEAM = QYL72C43K6;
				GENERATE_INFOPLIST_FILE = YES;
				IPHONEOS_DEPLOYMENT_TARGET = 26.0;
				LD_RUNPATH_SEARCH_PATHS = (
					"$(inherited)",
					"@executable_path/Frameworks",
					"@loader_path/Frameworks",
				);
				PRODUCT_BUNDLE_IDENTIFIER = org.floeagent.ios.tests;
				SDKROOT = iphoneos;
				SWIFT_VERSION = 6.0;
				TARGETED_DEVICE_FAMILY = "1,2";
				TEST_HOST = "$(BUILT_PRODUCTS_DIR)/Floe Agent.app/Floe Agent";
			};
			name = Release;
		};
/* End XCBuildConfiguration section */

/* Begin XCConfigurationList section */
		1AA8381BF42E3454786DEE17 /* Build configuration list for PBXNativeTarget "FloeAgentUITests" */ = {
			isa = XCConfigurationList;
			buildConfigurations = (
				6D64DF1CFFCBB85CE274044C /* Debug */,
				A48A6F5D4844A2FCBD876EB0 /* Release */,
			);
			defaultConfigurationIsVisible = 0;
			defaultConfigurationName = Debug;
		};
		A666E10011811E9C82F7FDFB /* Build configuration list for PBXProject "FloeAgent" */ = {
			isa = XCConfigurationList;
			buildConfigurations = (
				85FD2445DECE581FB7300C8B /* Debug */,
				5C5756D612406C3AF5913AC7 /* Release */,
			);
			defaultConfigurationIsVisible = 0;
			defaultConfigurationName = Debug;
		};
		B1532B1CAF0880096576D78A /* Build configuration list for PBXNativeTarget "FloeAgent" */ = {
			isa = XCConfigurationList;
			buildConfigurations = (
				B42180383A323CEE990BB7DA /* Debug */,
				06D6A3B826D9F96AE81F4773 /* Release */,
			);
			defaultConfigurationIsVisible = 0;
			defaultConfigurationName = Debug;
		};
		F14E9C1E4DEA6B7A7BE01668 /* Build configuration list for PBXNativeTarget "FloeAppTests" */ = {
			isa = XCConfigurationList;
			buildConfigurations = (
				04E74A41FD0A3FEA7868AC50 /* Debug */,
				DC0944EBE7F318209C43C803 /* Release */,
			);
			defaultConfigurationIsVisible = 0;
			defaultConfigurationName = Debug;
		};
/* End XCConfigurationList section */

/* Begin XCLocalSwiftPackageReference section */
		22A88FCEEDE1E3AC97A571ED /* XCLocalSwiftPackageReference "." */ = {
			isa = XCLocalSwiftPackageReference;
			relativePath = .;
		};
/* End XCLocalSwiftPackageReference section */

/* Begin XCSwiftPackageProductDependency section */
		42091B03632EF4B82CED17C8 /* FloeDocuments */ = {
			isa = XCSwiftPackageProductDependency;
			productName = FloeDocuments;
		};
		42F46C3ACBB2BE695D007080 /* FloeSyncCore */ = {
			isa = XCSwiftPackageProductDependency;
			productName = FloeSyncCore;
		};
		59DBBD5C35D97EBB383798F6 /* FloeExecution */ = {
			isa = XCSwiftPackageProductDependency;
			productName = FloeExecution;
		};
		5B057579F6C5787F1EF9F172 /* FloeSkills */ = {
			isa = XCSwiftPackageProductDependency;
			productName = FloeSkills;
		};
		6D3CC5A66BC37258D46FDF3D /* FloeModels */ = {
			isa = XCSwiftPackageProductDependency;
			productName = FloeModels;
		};
		87B8E278FC454AFE6AF6C9E9 /* FloeSecurity */ = {
			isa = XCSwiftPackageProductDependency;
			productName = FloeSecurity;
		};
		88998EEAC884C7033D8C41A8 /* FloeWorkspace */ = {
			isa = XCSwiftPackageProductDependency;
			productName = FloeWorkspace;
		};
		8C092D204147366710DA8E8D /* FloeCore */ = {
			isa = XCSwiftPackageProductDependency;
			productName = FloeCore;
		};
		8D67ACB7499F21D8B8B49FE4 /* FloeVNC */ = {
			isa = XCSwiftPackageProductDependency;
			productName = FloeVNC;
		};
		8E8F4CD97A741A8F515EC80E /* FloeTools */ = {
			isa = XCSwiftPackageProductDependency;
			productName = FloeTools;
		};
		94B845AC13D8F637547A4AB0 /* FloeMarkdown */ = {
			isa = XCSwiftPackageProductDependency;
			productName = FloeMarkdown;
		};
		B1B02F2500B5B465399C11B7 /* FloePersistence */ = {
			isa = XCSwiftPackageProductDependency;
			productName = FloePersistence;
		};
		B6555425212C5867CBB75D36 /* FloeProviders */ = {
			isa = XCSwiftPackageProductDependency;
			productName = FloeProviders;
		};
		CB9AC1549FA61B1132625EA1 /* FloeSync */ = {
			isa = XCSwiftPackageProductDependency;
			productName = FloeSync;
		};
		DEFB59A49152ED0F642C4865 /* FloeSSH */ = {
			isa = XCSwiftPackageProductDependency;
			productName = FloeSSH;
		};
		EBF97B079841247A01DFCE52 /* FloeImages */ = {
			isa = XCSwiftPackageProductDependency;
			productName = FloeImages;
		};
		EF4C9E5ED2F18E4E1CB8A527 /* FloeAgentRuntime */ = {
			isa = XCSwiftPackageProductDependency;
			productName = FloeAgentRuntime;
		};
/* End XCSwiftPackageProductDependency section */
	};
	rootObject = 34A505482FC52A1ABA7CBF4B /* Project object */;
}
